// !$*UTF8*$!
{
	archiveVersion = 1;
	classes = {
	};
	objectVersion = 48;
	objects = {

/* Begin PBXBuildFile section */
		4003D8F21F992C48003C6F72 /* Authentification.storyboard in Resources */ = {isa = PBXBuildFile; fileRef = 4003D8F41F992C48003C6F72 /* Authentification.storyboard */; };
		4003D9001F99480D003C6F72 /* Localizable.strings in Resources */ = {isa = PBXBuildFile; fileRef = 4003D9021F99480D003C6F72 /* Localizable.strings */; };
		4003D9061F994E10003C6F72 /* NGNLocalizationConstants.m in Sources */ = {isa = PBXBuildFile; fileRef = 4003D9051F994E10003C6F72 /* NGNLocalizationConstants.m */; };
		4004DA1C1F879BD1003BA8C0 /* NGNSettingsController.m in Sources */ = {isa = PBXBuildFile; fileRef = 4004DA1B1F879BD1003BA8C0 /* NGNSettingsController.m */; };
		4006F5CA1F9419DE000F371A /* NGNFireHazardCalculationController.m in Sources */ = {isa = PBXBuildFile; fileRef = 4006F5C91F9419DE000F371A /* NGNFireHazardCalculationController.m */; };
		400D97BB1F74694F003C5CCE /* NGNAuthentificationcontrollerViewController.m in Sources */ = {isa = PBXBuildFile; fileRef = 400D97BA1F74694F003C5CCE /* NGNAuthentificationcontrollerViewController.m */; };
		40137BFC1F9393B9008D27B5 /* NGNRoomCategoryCalculator.m in Sources */ = {isa = PBXBuildFile; fileRef = 40137BFB1F9393B9008D27B5 /* NGNRoomCategoryCalculator.m */; };
		401777331F75B5070061BEEF /* NGNRegistrationViewController.m in Sources */ = {isa = PBXBuildFile; fileRef = 401777321F75B5070061BEEF /* NGNRegistrationViewController.m */; };
		401777361F75C6BA0061BEEF /* NGNRegexMatchUtil.m in Sources */ = {isa = PBXBuildFile; fileRef = 401777351F75C6BA0061BEEF /* NGNRegexMatchUtil.m */; };
		401777391F76E39A0061BEEF /* NGNProjectsTableViewController.m in Sources */ = {isa = PBXBuildFile; fileRef = 401777381F76E39A0061BEEF /* NGNProjectsTableViewController.m */; };
		4017773D1F76E40D0061BEEF /* NGNVocabulariesTableViewController.m in Sources */ = {isa = PBXBuildFile; fileRef = 4017773C1F76E40D0061BEEF /* NGNVocabulariesTableViewController.m */; };
		401C2EAA1F86F7D800A334E2 /* NGNSubstanceTypeDetailController.m in Sources */ = {isa = PBXBuildFile; fileRef = 401C2EA91F86F7D800A334E2 /* NGNSubstanceTypeDetailController.m */; };
		401C2EAD1F86FA3A00A334E2 /* NGNSubstanceDetailController.m in Sources */ = {isa = PBXBuildFile; fileRef = 401C2EAC1F86FA3A00A334E2 /* NGNSubstanceDetailController.m */; };
		403124391F86B10500CE3F77 /* NGNBasicVocabularyController.m in Sources */ = {isa = PBXBuildFile; fileRef = 403124381F86B10500CE3F77 /* NGNBasicVocabularyController.m */; };
		4031243C1F86B38E00CE3F77 /* NGNFireResistanceRankController.m in Sources */ = {isa = PBXBuildFile; fileRef = 4031243B1F86B38E00CE3F77 /* NGNFireResistanceRankController.m */; };
		4031243F1F86BD9100CE3F77 /* NGNFireSafetyCategoryController.m in Sources */ = {isa = PBXBuildFile; fileRef = 4031243E1F86BD9100CE3F77 /* NGNFireSafetyCategoryController.m */; };
		403124421F86C27500CE3F77 /* NGNSubstanceTypeController.m in Sources */ = {isa = PBXBuildFile; fileRef = 403124411F86C27500CE3F77 /* NGNSubstanceTypeController.m */; };
		403124451F86C4DB00CE3F77 /* NGNSubstanceController.m in Sources */ = {isa = PBXBuildFile; fileRef = 403124441F86C4DB00CE3F77 /* NGNSubstanceController.m */; };
		403124491F86DFC800CE3F77 /* NGNFireResistanceRankDetailController.m in Sources */ = {isa = PBXBuildFile; fileRef = 403124481F86DFC800CE3F77 /* NGNFireResistanceRankDetailController.m */; };
		4031244C1F86EE2C00CE3F77 /* NGNFireSafetyCategoryDetailController.m in Sources */ = {isa = PBXBuildFile; fileRef = 4031244B1F86EE2C00CE3F77 /* NGNFireSafetyCategoryDetailController.m */; };
		404538631F4B9FA600125AC3 /* NGNCommonConstants.m in Sources */ = {isa = PBXBuildFile; fileRef = 404538621F4B9FA600125AC3 /* NGNCommonConstants.m */; };
		405141FC1F961C79001F36BD /* NGNLocalSubstancePileDetailController.m in Sources */ = {isa = PBXBuildFile; fileRef = 405141FB1F961C79001F36BD /* NGNLocalSubstancePileDetailController.m */; };
		4065F87B1FAA80350039F920 /* Assets.xcassets in Resources */ = {isa = PBXBuildFile; fileRef = 4065F87A1FAA80340039F920 /* Assets.xcassets */; };
		40A618C71F69AAA30075AE38 /* NGNUserAuthentificationManager.m in Sources */ = {isa = PBXBuildFile; fileRef = 40A618C61F69AAA30075AE38 /* NGNUserAuthentificationManager.m */; };
		40A618CB1F69B8FE0075AE38 /* NGNPropertyUtil.m in Sources */ = {isa = PBXBuildFile; fileRef = 40A618CA1F69B8FE0075AE38 /* NGNPropertyUtil.m */; };
		40A9A2FD1F726D7800B3876C /* NGNApplicationStateManager.m in Sources */ = {isa = PBXBuildFile; fileRef = 40A9A2FC1F726D7800B3876C /* NGNApplicationStateManager.m */; };
		40A9A36B1F74063200B3876C /* FireProtection.xcdatamodeld in Sources */ = {isa = PBXBuildFile; fileRef = 40A9A3691F74063100B3876C /* FireProtection.xcdatamodeld */; };
		40ABBA611F953CB000DC2D9D /* NGNLocalSubstancePile.m in Sources */ = {isa = PBXBuildFile; fileRef = 40ABBA601F953CB000DC2D9D /* NGNLocalSubstancePile.m */; };
		40ABBA641F95539900DC2D9D /* NGNTemporarySubstancePilesController.m in Sources */ = {isa = PBXBuildFile; fileRef = 40ABBA631F95539900DC2D9D /* NGNTemporarySubstancePilesController.m */; };
		40C21C3E1F9CDA2400C0D3D3 /* NGNBasicTableViewController.m in Sources */ = {isa = PBXBuildFile; fileRef = 40C21C3D1F9CDA2400C0D3D3 /* NGNBasicTableViewController.m */; };
		40C458471F845196004C0709 /* NGNApplicationEnterExitManager.m in Sources */ = {isa = PBXBuildFile; fileRef = 40C458461F845196004C0709 /* NGNApplicationEnterExitManager.m */; };
		40C4584B1F856985004C0709 /* NGNTabBarManager.m in Sources */ = {isa = PBXBuildFile; fileRef = 40C4584A1F856985004C0709 /* NGNTabBarManager.m */; };
		40C4584E1F856CD4004C0709 /* NGNTabBarController.m in Sources */ = {isa = PBXBuildFile; fileRef = 40C4584D1F856CD4004C0709 /* NGNTabBarController.m */; };
		40C458511F858837004C0709 /* NGNAboutViewController.m in Sources */ = {isa = PBXBuildFile; fileRef = 40C458501F858837004C0709 /* NGNAboutViewController.m */; };
		40D03F0A1F7AF2C600271DC5 /* NGNStoryboardConstants.m in Sources */ = {isa = PBXBuildFile; fileRef = 40D03F091F7AF2C600271DC5 /* NGNStoryboardConstants.m */; };
		40D89EB01F40621800B07AB5 /* main.m in Sources */ = {isa = PBXBuildFile; fileRef = 40D89EAF1F40621800B07AB5 /* main.m */; };
		40D89EB31F40621800B07AB5 /* AppDelegate.m in Sources */ = {isa = PBXBuildFile; fileRef = 40D89EB21F40621800B07AB5 /* AppDelegate.m */; };
		40D89EB91F40621800B07AB5 /* Main.storyboard in Resources */ = {isa = PBXBuildFile; fileRef = 40D89EB71F40621800B07AB5 /* Main.storyboard */; };
		40D89EC11F40621800B07AB5 /* LaunchScreen.storyboard in Resources */ = {isa = PBXBuildFile; fileRef = 40D89EBF1F40621800B07AB5 /* LaunchScreen.storyboard */; };
		40E999D51F5F25EC00B6F9F9 /* NGNDataBaseManager.m in Sources */ = {isa = PBXBuildFile; fileRef = 40E999D31F5F25EC00B6F9F9 /* NGNDataBaseManager.m */; };
		40E999D81F5F261B00B6F9F9 /* NSManagedObject+NGNCRUDAppendix.m in Sources */ = {isa = PBXBuildFile; fileRef = 40E999D71F5F261B00B6F9F9 /* NSManagedObject+NGNCRUDAppendix.m */; };
		40E999DD1F5F26A500B6F9F9 /* NGNServerSideLayerConstants.m in Sources */ = {isa = PBXBuildFile; fileRef = 40E999D91F5F26A500B6F9F9 /* NGNServerSideLayerConstants.m */; };
		40E999DE1F5F26A500B6F9F9 /* NGNCoreDataEntitiesConstants.m in Sources */ = {isa = PBXBuildFile; fileRef = 40E999DC1F5F26A500B6F9F9 /* NGNCoreDataEntitiesConstants.m */; };
		40E999E41F5F2C6C00B6F9F9 /* NGNAbstractService.m in Sources */ = {isa = PBXBuildFile; fileRef = 40E999E21F5F2C6B00B6F9F9 /* NGNAbstractService.m */; };
		40E999E51F5F2C6C00B6F9F9 /* NGNBasicService.m in Sources */ = {isa = PBXBuildFile; fileRef = 40E999E31F5F2C6B00B6F9F9 /* NGNBasicService.m */; };
		40E999EB1F5F405600B6F9F9 /* NGNReachability.m in Sources */ = {isa = PBXBuildFile; fileRef = 40E999E71F5F405600B6F9F9 /* NGNReachability.m */; };
		40E999EC1F5F405600B6F9F9 /* NGNServerDataLoadManager.m in Sources */ = {isa = PBXBuildFile; fileRef = 40E999EA1F5F405600B6F9F9 /* NGNServerDataLoadManager.m */; };
		40E999F01F61CF3600B6F9F9 /* db.json in Resources */ = {isa = PBXBuildFile; fileRef = 40E999EF1F61CF3600B6F9F9 /* db.json */; };
		40E99A731F61EFAD00B6F9F9 /* NGNRoom+CoreDataClass.m in Sources */ = {isa = PBXBuildFile; fileRef = 40E99A401F61EFAD00B6F9F9 /* NGNRoom+CoreDataClass.m */; };
		40E99A741F61EFAD00B6F9F9 /* NGNRoom+CoreDataProperties.m in Sources */ = {isa = PBXBuildFile; fileRef = 40E99A421F61EFAD00B6F9F9 /* NGNRoom+CoreDataProperties.m */; };
		40E99A751F61EFAD00B6F9F9 /* NGNPosition+CoreDataClass.m in Sources */ = {isa = PBXBuildFile; fileRef = 40E99A441F61EFAD00B6F9F9 /* NGNPosition+CoreDataClass.m */; };
		40E99A761F61EFAD00B6F9F9 /* NGNPosition+CoreDataProperties.m in Sources */ = {isa = PBXBuildFile; fileRef = 40E99A461F61EFAD00B6F9F9 /* NGNPosition+CoreDataProperties.m */; };
		40E99A771F61EFAD00B6F9F9 /* NGNProject+CoreDataClass.m in Sources */ = {isa = PBXBuildFile; fileRef = 40E99A481F61EFAD00B6F9F9 /* NGNProject+CoreDataClass.m */; };
		40E99A781F61EFAD00B6F9F9 /* NGNProject+CoreDataProperties.m in Sources */ = {isa = PBXBuildFile; fileRef = 40E99A4A1F61EFAD00B6F9F9 /* NGNProject+CoreDataProperties.m */; };
		40E99A791F61EFAD00B6F9F9 /* NGNFireSafetyCategory+CoreDataClass.m in Sources */ = {isa = PBXBuildFile; fileRef = 40E99A4C1F61EFAD00B6F9F9 /* NGNFireSafetyCategory+CoreDataClass.m */; };
		40E99A7A1F61EFAD00B6F9F9 /* NGNFireSafetyCategory+CoreDataProperties.m in Sources */ = {isa = PBXBuildFile; fileRef = 40E99A4E1F61EFAD00B6F9F9 /* NGNFireSafetyCategory+CoreDataProperties.m */; };
		40E99A7B1F61EFAD00B6F9F9 /* NGNSubstanceType+CoreDataClass.m in Sources */ = {isa = PBXBuildFile; fileRef = 40E99A501F61EFAD00B6F9F9 /* NGNSubstanceType+CoreDataClass.m */; };
		40E99A7C1F61EFAD00B6F9F9 /* NGNSubstanceType+CoreDataProperties.m in Sources */ = {isa = PBXBuildFile; fileRef = 40E99A521F61EFAD00B6F9F9 /* NGNSubstanceType+CoreDataProperties.m */; };
		40E99A7D1F61EFAD00B6F9F9 /* NGNSubstance+CoreDataClass.m in Sources */ = {isa = PBXBuildFile; fileRef = 40E99A541F61EFAD00B6F9F9 /* NGNSubstance+CoreDataClass.m */; };
		40E99A7E1F61EFAD00B6F9F9 /* NGNSubstance+CoreDataProperties.m in Sources */ = {isa = PBXBuildFile; fileRef = 40E99A561F61EFAD00B6F9F9 /* NGNSubstance+CoreDataProperties.m */; };
		40E99A7F1F61EFAD00B6F9F9 /* NGNFireResistanceRank+CoreDataClass.m in Sources */ = {isa = PBXBuildFile; fileRef = 40E99A581F61EFAD00B6F9F9 /* NGNFireResistanceRank+CoreDataClass.m */; };
		40E99A801F61EFAD00B6F9F9 /* NGNFireResistanceRank+CoreDataProperties.m in Sources */ = {isa = PBXBuildFile; fileRef = 40E99A5A1F61EFAD00B6F9F9 /* NGNFireResistanceRank+CoreDataProperties.m */; };
		40E99A811F61EFAD00B6F9F9 /* NGNSubstancePile+CoreDataClass.m in Sources */ = {isa = PBXBuildFile; fileRef = 40E99A5C1F61EFAD00B6F9F9 /* NGNSubstancePile+CoreDataClass.m */; };
		40E99A821F61EFAD00B6F9F9 /* NGNSubstancePile+CoreDataProperties.m in Sources */ = {isa = PBXBuildFile; fileRef = 40E99A5E1F61EFAD00B6F9F9 /* NGNSubstancePile+CoreDataProperties.m */; };
		40E99A831F61EFAD00B6F9F9 /* NGNMinimumREIConstructionType+CoreDataClass.m in Sources */ = {isa = PBXBuildFile; fileRef = 40E99A601F61EFAD00B6F9F9 /* NGNMinimumREIConstructionType+CoreDataClass.m */; };
		40E99A841F61EFAD00B6F9F9 /* NGNMinimumREIConstructionType+CoreDataProperties.m in Sources */ = {isa = PBXBuildFile; fileRef = 40E99A621F61EFAD00B6F9F9 /* NGNMinimumREIConstructionType+CoreDataProperties.m */; };
		40E99A851F61EFAD00B6F9F9 /* NGNUser+CoreDataClass.m in Sources */ = {isa = PBXBuildFile; fileRef = 40E99A641F61EFAD00B6F9F9 /* NGNUser+CoreDataClass.m */; };
		40E99A861F61EFAD00B6F9F9 /* NGNUser+CoreDataProperties.m in Sources */ = {isa = PBXBuildFile; fileRef = 40E99A661F61EFAD00B6F9F9 /* NGNUser+CoreDataProperties.m */; };
		40E99A871F61EFAD00B6F9F9 /* NGNFunctionalFireSafetySubcategory+CoreDataClass.m in Sources */ = {isa = PBXBuildFile; fileRef = 40E99A681F61EFAD00B6F9F9 /* NGNFunctionalFireSafetySubcategory+CoreDataClass.m */; };
		40E99A881F61EFAD00B6F9F9 /* NGNFunctionalFireSafetySubcategory+CoreDataProperties.m in Sources */ = {isa = PBXBuildFile; fileRef = 40E99A6A1F61EFAD00B6F9F9 /* NGNFunctionalFireSafetySubcategory+CoreDataProperties.m */; };
		40E99A891F61EFAD00B6F9F9 /* NGNApertureGroup+CoreDataClass.m in Sources */ = {isa = PBXBuildFile; fileRef = 40E99A6C1F61EFAD00B6F9F9 /* NGNApertureGroup+CoreDataClass.m */; };
		40E99A8A1F61EFAD00B6F9F9 /* NGNApertureGroup+CoreDataProperties.m in Sources */ = {isa = PBXBuildFile; fileRef = 40E99A6E1F61EFAD00B6F9F9 /* NGNApertureGroup+CoreDataProperties.m */; };
		40E99A8B1F61EFAD00B6F9F9 /* NGNFunctionalFireSafetyCategory+CoreDataClass.m in Sources */ = {isa = PBXBuildFile; fileRef = 40E99A701F61EFAD00B6F9F9 /* NGNFunctionalFireSafetyCategory+CoreDataClass.m */; };
		40E99A8C1F61EFAD00B6F9F9 /* NGNFunctionalFireSafetyCategory+CoreDataProperties.m in Sources */ = {isa = PBXBuildFile; fileRef = 40E99A721F61EFAD00B6F9F9 /* NGNFunctionalFireSafetyCategory+CoreDataProperties.m */; };
		40E99A8D1F658B6A00B6F9F9 /* FastEasyMapping.framework in Frameworks */ = {isa = PBXBuildFile; fileRef = 40E99A8E1F658B6A00B6F9F9 /* FastEasyMapping.framework */; };
		40E99A8F1F658B6F00B6F9F9 /* REFrostedViewController.framework in Frameworks */ = {isa = PBXBuildFile; fileRef = 40E99A901F658B6F00B6F9F9 /* REFrostedViewController.framework */; };
		40E99A991F6724A200B6F9F9 /* NGNUserService.m in Sources */ = {isa = PBXBuildFile; fileRef = 40E99A961F6724A200B6F9F9 /* NGNUserService.m */; };
		40E99A9A1F6724A200B6F9F9 /* NGNProjectService.m in Sources */ = {isa = PBXBuildFile; fileRef = 40E99A981F6724A200B6F9F9 /* NGNProjectService.m */; };
		40E99A9D1F6729D600B6F9F9 /* NGNPositionService.m in Sources */ = {isa = PBXBuildFile; fileRef = 40E99A9C1F6729D600B6F9F9 /* NGNPositionService.m */; };
		40E99AA01F67306A00B6F9F9 /* NGNRoomService.m in Sources */ = {isa = PBXBuildFile; fileRef = 40E99A9F1F67306A00B6F9F9 /* NGNRoomService.m */; };
		40E99AA31F686C6B00B6F9F9 /* NGNApertureGroupService.m in Sources */ = {isa = PBXBuildFile; fileRef = 40E99AA21F686C6B00B6F9F9 /* NGNApertureGroupService.m */; };
		40E99AA61F6881D600B6F9F9 /* NGNEntitiesParamsManager.m in Sources */ = {isa = PBXBuildFile; fileRef = 40E99AA51F6881D600B6F9F9 /* NGNEntitiesParamsManager.m */; };
		40E99AA91F69970C00B6F9F9 /* NGNSubstanceService.m in Sources */ = {isa = PBXBuildFile; fileRef = 40E99AA81F69970C00B6F9F9 /* NGNSubstanceService.m */; };
		40E99AAC1F69975100B6F9F9 /* NGNSubstancePileService.m in Sources */ = {isa = PBXBuildFile; fileRef = 40E99AAB1F69975100B6F9F9 /* NGNSubstancePileService.m */; };
		40E99AAF1F69993500B6F9F9 /* NGNFireResistanceRankService.m in Sources */ = {isa = PBXBuildFile; fileRef = 40E99AAE1F69993500B6F9F9 /* NGNFireResistanceRankService.m */; };
		40E99AB21F69995C00B6F9F9 /* NGNFireSafetyCategoryService.m in Sources */ = {isa = PBXBuildFile; fileRef = 40E99AB11F69995C00B6F9F9 /* NGNFireSafetyCategoryService.m */; };
		40E99AB51F699AE600B6F9F9 /* NGNFunctionalFireSafetyCategoryService.m in Sources */ = {isa = PBXBuildFile; fileRef = 40E99AB41F699AE600B6F9F9 /* NGNFunctionalFireSafetyCategoryService.m */; };
		40E99AB81F699B0800B6F9F9 /* NGNFunctionalFireSafetySubcategoryService.m in Sources */ = {isa = PBXBuildFile; fileRef = 40E99AB71F699B0800B6F9F9 /* NGNFunctionalFireSafetySubcategoryService.m */; };
		40E99ABB1F699B6E00B6F9F9 /* NGNSubstanceTypeService.m in Sources */ = {isa = PBXBuildFile; fileRef = 40E99ABA1F699B6E00B6F9F9 /* NGNSubstanceTypeService.m */; };
		40E99ABE1F699BBB00B6F9F9 /* NGNMinimumREIConstructionTypeService.m in Sources */ = {isa = PBXBuildFile; fileRef = 40E99ABD1F699BBB00B6F9F9 /* NGNMinimumREIConstructionTypeService.m */; };
		7B45A67CDD6E46A72CA46BC8 /* Pods_FireProtection.framework in Frameworks */ = {isa = PBXBuildFile; fileRef = C212BC601A3CB58A2C23340E /* Pods_FireProtection.framework */; };
/* End PBXBuildFile section */

/* Begin PBXFileReference section */
		0083F4C360BB0D23DD64D5CA /* Pods-FireProtection.debug.xcconfig */ = {isa = PBXFileReference; includeInIndex = 1; lastKnownFileType = text.xcconfig; name = "Pods-FireProtection.debug.xcconfig"; path = "Pods/Target Support Files/Pods-FireProtection/Pods-FireProtection.debug.xcconfig"; sourceTree = "<group>"; };
		4003D8F31F992C48003C6F72 /* Base */ = {isa = PBXFileReference; lastKnownFileType = file.storyboard; name = Base; path = Base.lproj/Authentification.storyboard; sourceTree = "<group>"; };
		4003D8F51F992D72003C6F72 /* ru */ = {isa = PBXFileReference; lastKnownFileType = text.plist.strings; name = ru; path = ru.lproj/Authentification.strings; sourceTree = "<group>"; };
		4003D8F61F992D72003C6F72 /* ru */ = {isa = PBXFileReference; lastKnownFileType = text.plist.strings; name = ru; path = ru.lproj/Main.strings; sourceTree = "<group>"; };
		4003D8F71F992D73003C6F72 /* ru */ = {isa = PBXFileReference; lastKnownFileType = text.plist.strings; name = ru; path = ru.lproj/LaunchScreen.strings; sourceTree = "<group>"; };
		4003D8FB1F992DEE003C6F72 /* en */ = {isa = PBXFileReference; lastKnownFileType = text.plist.strings; name = en; path = en.lproj/LaunchScreen.strings; sourceTree = "<group>"; };
		4003D8FD1F9942F6003C6F72 /* en */ = {isa = PBXFileReference; lastKnownFileType = text.plist.strings; name = en; path = en.lproj/Authentification.strings; sourceTree = "<group>"; };
		4003D9011F99480D003C6F72 /* ru */ = {isa = PBXFileReference; lastKnownFileType = text.plist.strings; name = ru; path = ru.lproj/Localizable.strings; sourceTree = "<group>"; };
		4003D9031F994816003C6F72 /* en */ = {isa = PBXFileReference; lastKnownFileType = text.plist.strings; name = en; path = en.lproj/Localizable.strings; sourceTree = "<group>"; };
		4003D9041F994E10003C6F72 /* NGNLocalizationConstants.h */ = {isa = PBXFileReference; lastKnownFileType = sourcecode.c.h; name = NGNLocalizationConstants.h; path = Constants/NGNLocalizationConstants.h; sourceTree = "<group>"; };
		4003D9051F994E10003C6F72 /* NGNLocalizationConstants.m */ = {isa = PBXFileReference; lastKnownFileType = sourcecode.c.objc; name = NGNLocalizationConstants.m; path = Constants/NGNLocalizationConstants.m; sourceTree = "<group>"; };
		4004DA1A1F879BD1003BA8C0 /* NGNSettingsController.h */ = {isa = PBXFileReference; lastKnownFileType = sourcecode.c.h; name = NGNSettingsController.h; path = Controller/BasicControllers/NGNSettingsController.h; sourceTree = "<group>"; };
		4004DA1B1F879BD1003BA8C0 /* NGNSettingsController.m */ = {isa = PBXFileReference; lastKnownFileType = sourcecode.c.objc; name = NGNSettingsController.m; path = Controller/BasicControllers/NGNSettingsController.m; sourceTree = "<group>"; };
		4006F5C81F9419DE000F371A /* NGNFireHazardCalculationController.h */ = {isa = PBXFileReference; lastKnownFileType = sourcecode.c.h; path = NGNFireHazardCalculationController.h; sourceTree = "<group>"; };
		4006F5C91F9419DE000F371A /* NGNFireHazardCalculationController.m */ = {isa = PBXFileReference; lastKnownFileType = sourcecode.c.objc; path = NGNFireHazardCalculationController.m; sourceTree = "<group>"; };
		400D97B91F74694F003C5CCE /* NGNAuthentificationcontrollerViewController.h */ = {isa = PBXFileReference; lastKnownFileType = sourcecode.c.h; path = NGNAuthentificationcontrollerViewController.h; sourceTree = "<group>"; };
		400D97BA1F74694F003C5CCE /* NGNAuthentificationcontrollerViewController.m */ = {isa = PBXFileReference; lastKnownFileType = sourcecode.c.objc; path = NGNAuthentificationcontrollerViewController.m; sourceTree = "<group>"; };
		40137BFA1F9393B9008D27B5 /* NGNRoomCategoryCalculator.h */ = {isa = PBXFileReference; lastKnownFileType = sourcecode.c.h; path = NGNRoomCategoryCalculator.h; sourceTree = "<group>"; };
		40137BFB1F9393B9008D27B5 /* NGNRoomCategoryCalculator.m */ = {isa = PBXFileReference; lastKnownFileType = sourcecode.c.objc; path = NGNRoomCategoryCalculator.m; sourceTree = "<group>"; };
		401777311F75B5070061BEEF /* NGNRegistrationViewController.h */ = {isa = PBXFileReference; lastKnownFileType = sourcecode.c.h; path = NGNRegistrationViewController.h; sourceTree = "<group>"; };
		401777321F75B5070061BEEF /* NGNRegistrationViewController.m */ = {isa = PBXFileReference; lastKnownFileType = sourcecode.c.objc; path = NGNRegistrationViewController.m; sourceTree = "<group>"; };
		401777341F75C6BA0061BEEF /* NGNRegexMatchUtil.h */ = {isa = PBXFileReference; lastKnownFileType = sourcecode.c.h; name = NGNRegexMatchUtil.h; path = Utils/NGNRegexMatchUtil.h; sourceTree = "<group>"; };
		401777351F75C6BA0061BEEF /* NGNRegexMatchUtil.m */ = {isa = PBXFileReference; lastKnownFileType = sourcecode.c.objc; name = NGNRegexMatchUtil.m; path = Utils/NGNRegexMatchUtil.m; sourceTree = "<group>"; };
		401777371F76E39A0061BEEF /* NGNProjectsTableViewController.h */ = {isa = PBXFileReference; lastKnownFileType = sourcecode.c.h; name = NGNProjectsTableViewController.h; path = Controller/BasicControllers/NGNProjectsTableViewController.h; sourceTree = "<group>"; };
		401777381F76E39A0061BEEF /* NGNProjectsTableViewController.m */ = {isa = PBXFileReference; lastKnownFileType = sourcecode.c.objc; name = NGNProjectsTableViewController.m; path = Controller/BasicControllers/NGNProjectsTableViewController.m; sourceTree = "<group>"; };
		4017773B1F76E40D0061BEEF /* NGNVocabulariesTableViewController.h */ = {isa = PBXFileReference; lastKnownFileType = sourcecode.c.h; name = NGNVocabulariesTableViewController.h; path = Controller/BasicControllers/NGNVocabulariesTableViewController.h; sourceTree = "<group>"; };
		4017773C1F76E40D0061BEEF /* NGNVocabulariesTableViewController.m */ = {isa = PBXFileReference; lastKnownFileType = sourcecode.c.objc; name = NGNVocabulariesTableViewController.m; path = Controller/BasicControllers/NGNVocabulariesTableViewController.m; sourceTree = "<group>"; };
		401C2EA81F86F7D800A334E2 /* NGNSubstanceTypeDetailController.h */ = {isa = PBXFileReference; lastKnownFileType = sourcecode.c.h; name = NGNSubstanceTypeDetailController.h; path = Controller/VocabularyControllers/DetailControllers/NGNSubstanceTypeDetailController.h; sourceTree = "<group>"; };
		401C2EA91F86F7D800A334E2 /* NGNSubstanceTypeDetailController.m */ = {isa = PBXFileReference; lastKnownFileType = sourcecode.c.objc; name = NGNSubstanceTypeDetailController.m; path = Controller/VocabularyControllers/DetailControllers/NGNSubstanceTypeDetailController.m; sourceTree = "<group>"; };
		401C2EAB1F86FA3A00A334E2 /* NGNSubstanceDetailController.h */ = {isa = PBXFileReference; lastKnownFileType = sourcecode.c.h; name = NGNSubstanceDetailController.h; path = Controller/VocabularyControllers/DetailControllers/NGNSubstanceDetailController.h; sourceTree = "<group>"; };
		401C2EAC1F86FA3A00A334E2 /* NGNSubstanceDetailController.m */ = {isa = PBXFileReference; lastKnownFileType = sourcecode.c.objc; name = NGNSubstanceDetailController.m; path = Controller/VocabularyControllers/DetailControllers/NGNSubstanceDetailController.m; sourceTree = "<group>"; };
		403124371F86B10500CE3F77 /* NGNBasicVocabularyController.h */ = {isa = PBXFileReference; fileEncoding = 4; lastKnownFileType = sourcecode.c.h; name = NGNBasicVocabularyController.h; path = Controller/VocabularyControllers/NGNBasicVocabularyController.h; sourceTree = "<group>"; };
		403124381F86B10500CE3F77 /* NGNBasicVocabularyController.m */ = {isa = PBXFileReference; fileEncoding = 4; lastKnownFileType = sourcecode.c.objc; name = NGNBasicVocabularyController.m; path = Controller/VocabularyControllers/NGNBasicVocabularyController.m; sourceTree = "<group>"; };
		4031243A1F86B38E00CE3F77 /* NGNFireResistanceRankController.h */ = {isa = PBXFileReference; lastKnownFileType = sourcecode.c.h; name = NGNFireResistanceRankController.h; path = Controller/VocabularyControllers/NGNFireResistanceRankController.h; sourceTree = "<group>"; };
		4031243B1F86B38E00CE3F77 /* NGNFireResistanceRankController.m */ = {isa = PBXFileReference; lastKnownFileType = sourcecode.c.objc; name = NGNFireResistanceRankController.m; path = Controller/VocabularyControllers/NGNFireResistanceRankController.m; sourceTree = "<group>"; };
		4031243D1F86BD9100CE3F77 /* NGNFireSafetyCategoryController.h */ = {isa = PBXFileReference; lastKnownFileType = sourcecode.c.h; name = NGNFireSafetyCategoryController.h; path = Controller/VocabularyControllers/NGNFireSafetyCategoryController.h; sourceTree = "<group>"; };
		4031243E1F86BD9100CE3F77 /* NGNFireSafetyCategoryController.m */ = {isa = PBXFileReference; lastKnownFileType = sourcecode.c.objc; name = NGNFireSafetyCategoryController.m; path = Controller/VocabularyControllers/NGNFireSafetyCategoryController.m; sourceTree = "<group>"; };
		403124401F86C27500CE3F77 /* NGNSubstanceTypeController.h */ = {isa = PBXFileReference; lastKnownFileType = sourcecode.c.h; name = NGNSubstanceTypeController.h; path = Controller/VocabularyControllers/NGNSubstanceTypeController.h; sourceTree = "<group>"; };
		403124411F86C27500CE3F77 /* NGNSubstanceTypeController.m */ = {isa = PBXFileReference; lastKnownFileType = sourcecode.c.objc; name = NGNSubstanceTypeController.m; path = Controller/VocabularyControllers/NGNSubstanceTypeController.m; sourceTree = "<group>"; };
		403124431F86C4DB00CE3F77 /* NGNSubstanceController.h */ = {isa = PBXFileReference; lastKnownFileType = sourcecode.c.h; name = NGNSubstanceController.h; path = Controller/VocabularyControllers/NGNSubstanceController.h; sourceTree = "<group>"; };
		403124441F86C4DB00CE3F77 /* NGNSubstanceController.m */ = {isa = PBXFileReference; lastKnownFileType = sourcecode.c.objc; name = NGNSubstanceController.m; path = Controller/VocabularyControllers/NGNSubstanceController.m; sourceTree = "<group>"; };
		403124471F86DFC800CE3F77 /* NGNFireResistanceRankDetailController.h */ = {isa = PBXFileReference; lastKnownFileType = sourcecode.c.h; name = NGNFireResistanceRankDetailController.h; path = Controller/VocabularyControllers/DetailControllers/NGNFireResistanceRankDetailController.h; sourceTree = "<group>"; };
		403124481F86DFC800CE3F77 /* NGNFireResistanceRankDetailController.m */ = {isa = PBXFileReference; lastKnownFileType = sourcecode.c.objc; name = NGNFireResistanceRankDetailController.m; path = Controller/VocabularyControllers/DetailControllers/NGNFireResistanceRankDetailController.m; sourceTree = "<group>"; };
		4031244A1F86EE2C00CE3F77 /* NGNFireSafetyCategoryDetailController.h */ = {isa = PBXFileReference; lastKnownFileType = sourcecode.c.h; name = NGNFireSafetyCategoryDetailController.h; path = Controller/VocabularyControllers/DetailControllers/NGNFireSafetyCategoryDetailController.h; sourceTree = "<group>"; };
		4031244B1F86EE2C00CE3F77 /* NGNFireSafetyCategoryDetailController.m */ = {isa = PBXFileReference; lastKnownFileType = sourcecode.c.objc; name = NGNFireSafetyCategoryDetailController.m; path = Controller/VocabularyControllers/DetailControllers/NGNFireSafetyCategoryDetailController.m; sourceTree = "<group>"; };
		404538611F4B9FA600125AC3 /* NGNCommonConstants.h */ = {isa = PBXFileReference; fileEncoding = 4; lastKnownFileType = sourcecode.c.h; name = NGNCommonConstants.h; path = Constants/NGNCommonConstants.h; sourceTree = "<group>"; };
		404538621F4B9FA600125AC3 /* NGNCommonConstants.m */ = {isa = PBXFileReference; fileEncoding = 4; lastKnownFileType = sourcecode.c.objc; name = NGNCommonConstants.m; path = Constants/NGNCommonConstants.m; sourceTree = "<group>"; };
		405141FA1F961C79001F36BD /* NGNLocalSubstancePileDetailController.h */ = {isa = PBXFileReference; lastKnownFileType = sourcecode.c.h; path = NGNLocalSubstancePileDetailController.h; sourceTree = "<group>"; };
		405141FB1F961C79001F36BD /* NGNLocalSubstancePileDetailController.m */ = {isa = PBXFileReference; lastKnownFileType = sourcecode.c.objc; path = NGNLocalSubstancePileDetailController.m; sourceTree = "<group>"; };
		4065F87A1FAA80340039F920 /* Assets.xcassets */ = {isa = PBXFileReference; lastKnownFileType = folder.assetcatalog; path = Assets.xcassets; sourceTree = "<group>"; };
		40A618C51F69AAA30075AE38 /* NGNUserAuthentificationManager.h */ = {isa = PBXFileReference; lastKnownFileType = sourcecode.c.h; path = NGNUserAuthentificationManager.h; sourceTree = "<group>"; };
		40A618C61F69AAA30075AE38 /* NGNUserAuthentificationManager.m */ = {isa = PBXFileReference; lastKnownFileType = sourcecode.c.objc; path = NGNUserAuthentificationManager.m; sourceTree = "<group>"; };
		40A618C91F69B8FE0075AE38 /* NGNPropertyUtil.h */ = {isa = PBXFileReference; lastKnownFileType = sourcecode.c.h; name = NGNPropertyUtil.h; path = Utils/NGNPropertyUtil.h; sourceTree = "<group>"; };
		40A618CA1F69B8FE0075AE38 /* NGNPropertyUtil.m */ = {isa = PBXFileReference; lastKnownFileType = sourcecode.c.objc; name = NGNPropertyUtil.m; path = Utils/NGNPropertyUtil.m; sourceTree = "<group>"; };
		40A9A2FB1F726D7800B3876C /* NGNApplicationStateManager.h */ = {isa = PBXFileReference; lastKnownFileType = sourcecode.c.h; path = NGNApplicationStateManager.h; sourceTree = "<group>"; };
		40A9A2FC1F726D7800B3876C /* NGNApplicationStateManager.m */ = {isa = PBXFileReference; lastKnownFileType = sourcecode.c.objc; path = NGNApplicationStateManager.m; sourceTree = "<group>"; };
		40A9A36A1F74063100B3876C /* FireProtection.xcdatamodel */ = {isa = PBXFileReference; lastKnownFileType = wrapper.xcdatamodel; path = FireProtection.xcdatamodel; sourceTree = "<group>"; };
		40ABBA5F1F953CB000DC2D9D /* NGNLocalSubstancePile.h */ = {isa = PBXFileReference; lastKnownFileType = sourcecode.c.h; name = NGNLocalSubstancePile.h; path = FireProtection/Modules/RoomCategoryCalculationModule/NGNLocalSubstancePile.h; sourceTree = SOURCE_ROOT; };
		40ABBA601F953CB000DC2D9D /* NGNLocalSubstancePile.m */ = {isa = PBXFileReference; lastKnownFileType = sourcecode.c.objc; name = NGNLocalSubstancePile.m; path = FireProtection/Modules/RoomCategoryCalculationModule/NGNLocalSubstancePile.m; sourceTree = SOURCE_ROOT; };
		40ABBA621F95539900DC2D9D /* NGNTemporarySubstancePilesController.h */ = {isa = PBXFileReference; lastKnownFileType = sourcecode.c.h; path = NGNTemporarySubstancePilesController.h; sourceTree = "<group>"; };
		40ABBA631F95539900DC2D9D /* NGNTemporarySubstancePilesController.m */ = {isa = PBXFileReference; lastKnownFileType = sourcecode.c.objc; path = NGNTemporarySubstancePilesController.m; sourceTree = "<group>"; };
		40C21C3C1F9CDA2400C0D3D3 /* NGNBasicTableViewController.h */ = {isa = PBXFileReference; lastKnownFileType = sourcecode.c.h; name = NGNBasicTableViewController.h; path = Controller/NGNBasicTableViewController.h; sourceTree = "<group>"; };
		40C21C3D1F9CDA2400C0D3D3 /* NGNBasicTableViewController.m */ = {isa = PBXFileReference; lastKnownFileType = sourcecode.c.objc; name = NGNBasicTableViewController.m; path = Controller/NGNBasicTableViewController.m; sourceTree = "<group>"; };
		40C21C421F9CFEFB00C0D3D3 /* en */ = {isa = PBXFileReference; lastKnownFileType = text.plist.strings; name = en; path = en.lproj/Main.strings; sourceTree = "<group>"; };
		40C458451F845196004C0709 /* NGNApplicationEnterExitManager.h */ = {isa = PBXFileReference; lastKnownFileType = sourcecode.c.h; path = NGNApplicationEnterExitManager.h; sourceTree = "<group>"; };
		40C458461F845196004C0709 /* NGNApplicationEnterExitManager.m */ = {isa = PBXFileReference; lastKnownFileType = sourcecode.c.objc; path = NGNApplicationEnterExitManager.m; sourceTree = "<group>"; };
		40C458491F856985004C0709 /* NGNTabBarManager.h */ = {isa = PBXFileReference; lastKnownFileType = sourcecode.c.h; path = NGNTabBarManager.h; sourceTree = "<group>"; };
		40C4584A1F856985004C0709 /* NGNTabBarManager.m */ = {isa = PBXFileReference; lastKnownFileType = sourcecode.c.objc; path = NGNTabBarManager.m; sourceTree = "<group>"; };
		40C4584C1F856CD4004C0709 /* NGNTabBarController.h */ = {isa = PBXFileReference; lastKnownFileType = sourcecode.c.h; path = NGNTabBarController.h; sourceTree = "<group>"; };
		40C4584D1F856CD4004C0709 /* NGNTabBarController.m */ = {isa = PBXFileReference; lastKnownFileType = sourcecode.c.objc; path = NGNTabBarController.m; sourceTree = "<group>"; };
		40C4584F1F858837004C0709 /* NGNAboutViewController.h */ = {isa = PBXFileReference; lastKnownFileType = sourcecode.c.h; name = NGNAboutViewController.h; path = Controller/BasicControllers/NGNAboutViewController.h; sourceTree = "<group>"; };
		40C458501F858837004C0709 /* NGNAboutViewController.m */ = {isa = PBXFileReference; lastKnownFileType = sourcecode.c.objc; name = NGNAboutViewController.m; path = Controller/BasicControllers/NGNAboutViewController.m; sourceTree = "<group>"; };
		40D03F081F7AF2C600271DC5 /* NGNStoryboardConstants.h */ = {isa = PBXFileReference; lastKnownFileType = sourcecode.c.h; name = NGNStoryboardConstants.h; path = Constants/NGNStoryboardConstants.h; sourceTree = "<group>"; };
		40D03F091F7AF2C600271DC5 /* NGNStoryboardConstants.m */ = {isa = PBXFileReference; lastKnownFileType = sourcecode.c.objc; name = NGNStoryboardConstants.m; path = Constants/NGNStoryboardConstants.m; sourceTree = "<group>"; };
		40D89EAB1F40621800B07AB5 /* FireProtection.app */ = {isa = PBXFileReference; explicitFileType = wrapper.application; includeInIndex = 0; path = FireProtection.app; sourceTree = BUILT_PRODUCTS_DIR; };
		40D89EAF1F40621800B07AB5 /* main.m */ = {isa = PBXFileReference; lastKnownFileType = sourcecode.c.objc; path = main.m; sourceTree = "<group>"; };
		40D89EB11F40621800B07AB5 /* AppDelegate.h */ = {isa = PBXFileReference; lastKnownFileType = sourcecode.c.h; path = AppDelegate.h; sourceTree = "<group>"; };
		40D89EB21F40621800B07AB5 /* AppDelegate.m */ = {isa = PBXFileReference; lastKnownFileType = sourcecode.c.objc; path = AppDelegate.m; sourceTree = "<group>"; };
		40D89EB81F40621800B07AB5 /* Base */ = {isa = PBXFileReference; lastKnownFileType = file.storyboard; name = Base; path = Base.lproj/Main.storyboard; sourceTree = "<group>"; };
		40D89EC01F40621800B07AB5 /* Base */ = {isa = PBXFileReference; lastKnownFileType = file.storyboard; name = Base; path = Base.lproj/LaunchScreen.storyboard; sourceTree = "<group>"; };
		40D89EC21F40621800B07AB5 /* Info.plist */ = {isa = PBXFileReference; lastKnownFileType = text.plist.xml; path = Info.plist; sourceTree = "<group>"; };
		40E999D21F5F184200B6F9F9 /* NGNCoreDataModel.h */ = {isa = PBXFileReference; fileEncoding = 4; lastKnownFileType = sourcecode.c.h; path = NGNCoreDataModel.h; sourceTree = "<group>"; };
		40E999D31F5F25EC00B6F9F9 /* NGNDataBaseManager.m */ = {isa = PBXFileReference; fileEncoding = 4; lastKnownFileType = sourcecode.c.objc; path = NGNDataBaseManager.m; sourceTree = "<group>"; };
		40E999D41F5F25EC00B6F9F9 /* NGNDataBaseManager.h */ = {isa = PBXFileReference; fileEncoding = 4; lastKnownFileType = sourcecode.c.h; path = NGNDataBaseManager.h; sourceTree = "<group>"; };
		40E999D61F5F261B00B6F9F9 /* NSManagedObject+NGNCRUDAppendix.h */ = {isa = PBXFileReference; lastKnownFileType = sourcecode.c.h; path = "NSManagedObject+NGNCRUDAppendix.h"; sourceTree = "<group>"; };
		40E999D71F5F261B00B6F9F9 /* NSManagedObject+NGNCRUDAppendix.m */ = {isa = PBXFileReference; lastKnownFileType = sourcecode.c.objc; path = "NSManagedObject+NGNCRUDAppendix.m"; sourceTree = "<group>"; };
		40E999D91F5F26A500B6F9F9 /* NGNServerSideLayerConstants.m */ = {isa = PBXFileReference; fileEncoding = 4; lastKnownFileType = sourcecode.c.objc; name = NGNServerSideLayerConstants.m; path = Constants/NGNServerSideLayerConstants.m; sourceTree = "<group>"; };
		40E999DA1F5F26A500B6F9F9 /* NGNCoreDataEntitiesConstants.h */ = {isa = PBXFileReference; fileEncoding = 4; lastKnownFileType = sourcecode.c.h; name = NGNCoreDataEntitiesConstants.h; path = Constants/NGNCoreDataEntitiesConstants.h; sourceTree = "<group>"; };
		40E999DB1F5F26A500B6F9F9 /* NGNServerSideLayerConstants.h */ = {isa = PBXFileReference; fileEncoding = 4; lastKnownFileType = sourcecode.c.h; name = NGNServerSideLayerConstants.h; path = Constants/NGNServerSideLayerConstants.h; sourceTree = "<group>"; };
		40E999DC1F5F26A500B6F9F9 /* NGNCoreDataEntitiesConstants.m */ = {isa = PBXFileReference; fileEncoding = 4; lastKnownFileType = sourcecode.c.objc; name = NGNCoreDataEntitiesConstants.m; path = Constants/NGNCoreDataEntitiesConstants.m; sourceTree = "<group>"; };
		40E999E01F5F2C6B00B6F9F9 /* NGNBasicService.h */ = {isa = PBXFileReference; fileEncoding = 4; lastKnownFileType = sourcecode.c.h; name = NGNBasicService.h; path = Services/NGNBasicService.h; sourceTree = "<group>"; };
		40E999E11F5F2C6B00B6F9F9 /* NGNAbstractService.h */ = {isa = PBXFileReference; fileEncoding = 4; lastKnownFileType = sourcecode.c.h; name = NGNAbstractService.h; path = Services/NGNAbstractService.h; sourceTree = "<group>"; };
		40E999E21F5F2C6B00B6F9F9 /* NGNAbstractService.m */ = {isa = PBXFileReference; fileEncoding = 4; lastKnownFileType = sourcecode.c.objc; name = NGNAbstractService.m; path = Services/NGNAbstractService.m; sourceTree = "<group>"; };
		40E999E31F5F2C6B00B6F9F9 /* NGNBasicService.m */ = {isa = PBXFileReference; fileEncoding = 4; lastKnownFileType = sourcecode.c.objc; name = NGNBasicService.m; path = Services/NGNBasicService.m; sourceTree = "<group>"; };
		40E999E61F5F2CDF00B6F9F9 /* NGNServiceProtocol.h */ = {isa = PBXFileReference; fileEncoding = 4; lastKnownFileType = sourcecode.c.h; name = NGNServiceProtocol.h; path = Services/NGNServiceProtocol.h; sourceTree = "<group>"; };
		40E999E71F5F405600B6F9F9 /* NGNReachability.m */ = {isa = PBXFileReference; fileEncoding = 4; lastKnownFileType = sourcecode.c.objc; path = NGNReachability.m; sourceTree = "<group>"; };
		40E999E81F5F405600B6F9F9 /* NGNReachability.h */ = {isa = PBXFileReference; fileEncoding = 4; lastKnownFileType = sourcecode.c.h; path = NGNReachability.h; sourceTree = "<group>"; };
		40E999E91F5F405600B6F9F9 /* NGNServerDataLoadManager.h */ = {isa = PBXFileReference; fileEncoding = 4; lastKnownFileType = sourcecode.c.h; path = NGNServerDataLoadManager.h; sourceTree = "<group>"; };
		40E999EA1F5F405600B6F9F9 /* NGNServerDataLoadManager.m */ = {isa = PBXFileReference; fileEncoding = 4; lastKnownFileType = sourcecode.c.objc; path = NGNServerDataLoadManager.m; sourceTree = "<group>"; };
		40E999ED1F5F40E600B6F9F9 /* NGNServerLayerServices.h */ = {isa = PBXFileReference; lastKnownFileType = sourcecode.c.h; name = NGNServerLayerServices.h; path = Services/NGNServerLayerServices.h; sourceTree = "<group>"; };
		40E999EF1F61CF3600B6F9F9 /* db.json */ = {isa = PBXFileReference; fileEncoding = 4; lastKnownFileType = text.json; name = db.json; path = Resources/db.json; sourceTree = "<group>"; };
		40E99A3F1F61EFAD00B6F9F9 /* NGNRoom+CoreDataClass.h */ = {isa = PBXFileReference; lastKnownFileType = sourcecode.c.h; path = "NGNRoom+CoreDataClass.h"; sourceTree = "<group>"; };
		40E99A401F61EFAD00B6F9F9 /* NGNRoom+CoreDataClass.m */ = {isa = PBXFileReference; lastKnownFileType = sourcecode.c.objc; path = "NGNRoom+CoreDataClass.m"; sourceTree = "<group>"; };
		40E99A411F61EFAD00B6F9F9 /* NGNRoom+CoreDataProperties.h */ = {isa = PBXFileReference; lastKnownFileType = sourcecode.c.h; path = "NGNRoom+CoreDataProperties.h"; sourceTree = "<group>"; };
		40E99A421F61EFAD00B6F9F9 /* NGNRoom+CoreDataProperties.m */ = {isa = PBXFileReference; lastKnownFileType = sourcecode.c.objc; path = "NGNRoom+CoreDataProperties.m"; sourceTree = "<group>"; };
		40E99A431F61EFAD00B6F9F9 /* NGNPosition+CoreDataClass.h */ = {isa = PBXFileReference; lastKnownFileType = sourcecode.c.h; path = "NGNPosition+CoreDataClass.h"; sourceTree = "<group>"; };
		40E99A441F61EFAD00B6F9F9 /* NGNPosition+CoreDataClass.m */ = {isa = PBXFileReference; lastKnownFileType = sourcecode.c.objc; path = "NGNPosition+CoreDataClass.m"; sourceTree = "<group>"; };
		40E99A451F61EFAD00B6F9F9 /* NGNPosition+CoreDataProperties.h */ = {isa = PBXFileReference; lastKnownFileType = sourcecode.c.h; path = "NGNPosition+CoreDataProperties.h"; sourceTree = "<group>"; };
		40E99A461F61EFAD00B6F9F9 /* NGNPosition+CoreDataProperties.m */ = {isa = PBXFileReference; lastKnownFileType = sourcecode.c.objc; path = "NGNPosition+CoreDataProperties.m"; sourceTree = "<group>"; };
		40E99A471F61EFAD00B6F9F9 /* NGNProject+CoreDataClass.h */ = {isa = PBXFileReference; lastKnownFileType = sourcecode.c.h; path = "NGNProject+CoreDataClass.h"; sourceTree = "<group>"; };
		40E99A481F61EFAD00B6F9F9 /* NGNProject+CoreDataClass.m */ = {isa = PBXFileReference; lastKnownFileType = sourcecode.c.objc; path = "NGNProject+CoreDataClass.m"; sourceTree = "<group>"; };
		40E99A491F61EFAD00B6F9F9 /* NGNProject+CoreDataProperties.h */ = {isa = PBXFileReference; lastKnownFileType = sourcecode.c.h; path = "NGNProject+CoreDataProperties.h"; sourceTree = "<group>"; };
		40E99A4A1F61EFAD00B6F9F9 /* NGNProject+CoreDataProperties.m */ = {isa = PBXFileReference; lastKnownFileType = sourcecode.c.objc; path = "NGNProject+CoreDataProperties.m"; sourceTree = "<group>"; };
		40E99A4B1F61EFAD00B6F9F9 /* NGNFireSafetyCategory+CoreDataClass.h */ = {isa = PBXFileReference; lastKnownFileType = sourcecode.c.h; path = "NGNFireSafetyCategory+CoreDataClass.h"; sourceTree = "<group>"; };
		40E99A4C1F61EFAD00B6F9F9 /* NGNFireSafetyCategory+CoreDataClass.m */ = {isa = PBXFileReference; lastKnownFileType = sourcecode.c.objc; path = "NGNFireSafetyCategory+CoreDataClass.m"; sourceTree = "<group>"; };
		40E99A4D1F61EFAD00B6F9F9 /* NGNFireSafetyCategory+CoreDataProperties.h */ = {isa = PBXFileReference; lastKnownFileType = sourcecode.c.h; path = "NGNFireSafetyCategory+CoreDataProperties.h"; sourceTree = "<group>"; };
		40E99A4E1F61EFAD00B6F9F9 /* NGNFireSafetyCategory+CoreDataProperties.m */ = {isa = PBXFileReference; lastKnownFileType = sourcecode.c.objc; path = "NGNFireSafetyCategory+CoreDataProperties.m"; sourceTree = "<group>"; };
		40E99A4F1F61EFAD00B6F9F9 /* NGNSubstanceType+CoreDataClass.h */ = {isa = PBXFileReference; lastKnownFileType = sourcecode.c.h; path = "NGNSubstanceType+CoreDataClass.h"; sourceTree = "<group>"; };
		40E99A501F61EFAD00B6F9F9 /* NGNSubstanceType+CoreDataClass.m */ = {isa = PBXFileReference; lastKnownFileType = sourcecode.c.objc; path = "NGNSubstanceType+CoreDataClass.m"; sourceTree = "<group>"; };
		40E99A511F61EFAD00B6F9F9 /* NGNSubstanceType+CoreDataProperties.h */ = {isa = PBXFileReference; lastKnownFileType = sourcecode.c.h; path = "NGNSubstanceType+CoreDataProperties.h"; sourceTree = "<group>"; };
		40E99A521F61EFAD00B6F9F9 /* NGNSubstanceType+CoreDataProperties.m */ = {isa = PBXFileReference; lastKnownFileType = sourcecode.c.objc; path = "NGNSubstanceType+CoreDataProperties.m"; sourceTree = "<group>"; };
		40E99A531F61EFAD00B6F9F9 /* NGNSubstance+CoreDataClass.h */ = {isa = PBXFileReference; lastKnownFileType = sourcecode.c.h; path = "NGNSubstance+CoreDataClass.h"; sourceTree = "<group>"; };
		40E99A541F61EFAD00B6F9F9 /* NGNSubstance+CoreDataClass.m */ = {isa = PBXFileReference; lastKnownFileType = sourcecode.c.objc; path = "NGNSubstance+CoreDataClass.m"; sourceTree = "<group>"; };
		40E99A551F61EFAD00B6F9F9 /* NGNSubstance+CoreDataProperties.h */ = {isa = PBXFileReference; lastKnownFileType = sourcecode.c.h; path = "NGNSubstance+CoreDataProperties.h"; sourceTree = "<group>"; };
		40E99A561F61EFAD00B6F9F9 /* NGNSubstance+CoreDataProperties.m */ = {isa = PBXFileReference; lastKnownFileType = sourcecode.c.objc; path = "NGNSubstance+CoreDataProperties.m"; sourceTree = "<group>"; };
		40E99A571F61EFAD00B6F9F9 /* NGNFireResistanceRank+CoreDataClass.h */ = {isa = PBXFileReference; lastKnownFileType = sourcecode.c.h; path = "NGNFireResistanceRank+CoreDataClass.h"; sourceTree = "<group>"; };
		40E99A581F61EFAD00B6F9F9 /* NGNFireResistanceRank+CoreDataClass.m */ = {isa = PBXFileReference; lastKnownFileType = sourcecode.c.objc; path = "NGNFireResistanceRank+CoreDataClass.m"; sourceTree = "<group>"; };
		40E99A591F61EFAD00B6F9F9 /* NGNFireResistanceRank+CoreDataProperties.h */ = {isa = PBXFileReference; lastKnownFileType = sourcecode.c.h; path = "NGNFireResistanceRank+CoreDataProperties.h"; sourceTree = "<group>"; };
		40E99A5A1F61EFAD00B6F9F9 /* NGNFireResistanceRank+CoreDataProperties.m */ = {isa = PBXFileReference; lastKnownFileType = sourcecode.c.objc; path = "NGNFireResistanceRank+CoreDataProperties.m"; sourceTree = "<group>"; };
		40E99A5B1F61EFAD00B6F9F9 /* NGNSubstancePile+CoreDataClass.h */ = {isa = PBXFileReference; lastKnownFileType = sourcecode.c.h; path = "NGNSubstancePile+CoreDataClass.h"; sourceTree = "<group>"; };
		40E99A5C1F61EFAD00B6F9F9 /* NGNSubstancePile+CoreDataClass.m */ = {isa = PBXFileReference; lastKnownFileType = sourcecode.c.objc; path = "NGNSubstancePile+CoreDataClass.m"; sourceTree = "<group>"; };
		40E99A5D1F61EFAD00B6F9F9 /* NGNSubstancePile+CoreDataProperties.h */ = {isa = PBXFileReference; lastKnownFileType = sourcecode.c.h; path = "NGNSubstancePile+CoreDataProperties.h"; sourceTree = "<group>"; };
		40E99A5E1F61EFAD00B6F9F9 /* NGNSubstancePile+CoreDataProperties.m */ = {isa = PBXFileReference; lastKnownFileType = sourcecode.c.objc; path = "NGNSubstancePile+CoreDataProperties.m"; sourceTree = "<group>"; };
		40E99A5F1F61EFAD00B6F9F9 /* NGNMinimumREIConstructionType+CoreDataClass.h */ = {isa = PBXFileReference; lastKnownFileType = sourcecode.c.h; path = "NGNMinimumREIConstructionType+CoreDataClass.h"; sourceTree = "<group>"; };
		40E99A601F61EFAD00B6F9F9 /* NGNMinimumREIConstructionType+CoreDataClass.m */ = {isa = PBXFileReference; lastKnownFileType = sourcecode.c.objc; path = "NGNMinimumREIConstructionType+CoreDataClass.m"; sourceTree = "<group>"; };
		40E99A611F61EFAD00B6F9F9 /* NGNMinimumREIConstructionType+CoreDataProperties.h */ = {isa = PBXFileReference; lastKnownFileType = sourcecode.c.h; path = "NGNMinimumREIConstructionType+CoreDataProperties.h"; sourceTree = "<group>"; };
		40E99A621F61EFAD00B6F9F9 /* NGNMinimumREIConstructionType+CoreDataProperties.m */ = {isa = PBXFileReference; lastKnownFileType = sourcecode.c.objc; path = "NGNMinimumREIConstructionType+CoreDataProperties.m"; sourceTree = "<group>"; };
		40E99A631F61EFAD00B6F9F9 /* NGNUser+CoreDataClass.h */ = {isa = PBXFileReference; lastKnownFileType = sourcecode.c.h; path = "NGNUser+CoreDataClass.h"; sourceTree = "<group>"; };
		40E99A641F61EFAD00B6F9F9 /* NGNUser+CoreDataClass.m */ = {isa = PBXFileReference; lastKnownFileType = sourcecode.c.objc; path = "NGNUser+CoreDataClass.m"; sourceTree = "<group>"; };
		40E99A651F61EFAD00B6F9F9 /* NGNUser+CoreDataProperties.h */ = {isa = PBXFileReference; lastKnownFileType = sourcecode.c.h; path = "NGNUser+CoreDataProperties.h"; sourceTree = "<group>"; };
		40E99A661F61EFAD00B6F9F9 /* NGNUser+CoreDataProperties.m */ = {isa = PBXFileReference; lastKnownFileType = sourcecode.c.objc; path = "NGNUser+CoreDataProperties.m"; sourceTree = "<group>"; };
		40E99A671F61EFAD00B6F9F9 /* NGNFunctionalFireSafetySubcategory+CoreDataClass.h */ = {isa = PBXFileReference; lastKnownFileType = sourcecode.c.h; path = "NGNFunctionalFireSafetySubcategory+CoreDataClass.h"; sourceTree = "<group>"; };
		40E99A681F61EFAD00B6F9F9 /* NGNFunctionalFireSafetySubcategory+CoreDataClass.m */ = {isa = PBXFileReference; lastKnownFileType = sourcecode.c.objc; path = "NGNFunctionalFireSafetySubcategory+CoreDataClass.m"; sourceTree = "<group>"; };
		40E99A691F61EFAD00B6F9F9 /* NGNFunctionalFireSafetySubcategory+CoreDataProperties.h */ = {isa = PBXFileReference; lastKnownFileType = sourcecode.c.h; path = "NGNFunctionalFireSafetySubcategory+CoreDataProperties.h"; sourceTree = "<group>"; };
		40E99A6A1F61EFAD00B6F9F9 /* NGNFunctionalFireSafetySubcategory+CoreDataProperties.m */ = {isa = PBXFileReference; lastKnownFileType = sourcecode.c.objc; path = "NGNFunctionalFireSafetySubcategory+CoreDataProperties.m"; sourceTree = "<group>"; };
		40E99A6B1F61EFAD00B6F9F9 /* NGNApertureGroup+CoreDataClass.h */ = {isa = PBXFileReference; lastKnownFileType = sourcecode.c.h; path = "NGNApertureGroup+CoreDataClass.h"; sourceTree = "<group>"; };
		40E99A6C1F61EFAD00B6F9F9 /* NGNApertureGroup+CoreDataClass.m */ = {isa = PBXFileReference; lastKnownFileType = sourcecode.c.objc; path = "NGNApertureGroup+CoreDataClass.m"; sourceTree = "<group>"; };
		40E99A6D1F61EFAD00B6F9F9 /* NGNApertureGroup+CoreDataProperties.h */ = {isa = PBXFileReference; lastKnownFileType = sourcecode.c.h; path = "NGNApertureGroup+CoreDataProperties.h"; sourceTree = "<group>"; };
		40E99A6E1F61EFAD00B6F9F9 /* NGNApertureGroup+CoreDataProperties.m */ = {isa = PBXFileReference; lastKnownFileType = sourcecode.c.objc; path = "NGNApertureGroup+CoreDataProperties.m"; sourceTree = "<group>"; };
		40E99A6F1F61EFAD00B6F9F9 /* NGNFunctionalFireSafetyCategory+CoreDataClass.h */ = {isa = PBXFileReference; lastKnownFileType = sourcecode.c.h; path = "NGNFunctionalFireSafetyCategory+CoreDataClass.h"; sourceTree = "<group>"; };
		40E99A701F61EFAD00B6F9F9 /* NGNFunctionalFireSafetyCategory+CoreDataClass.m */ = {isa = PBXFileReference; lastKnownFileType = sourcecode.c.objc; path = "NGNFunctionalFireSafetyCategory+CoreDataClass.m"; sourceTree = "<group>"; };
		40E99A711F61EFAD00B6F9F9 /* NGNFunctionalFireSafetyCategory+CoreDataProperties.h */ = {isa = PBXFileReference; lastKnownFileType = sourcecode.c.h; path = "NGNFunctionalFireSafetyCategory+CoreDataProperties.h"; sourceTree = "<group>"; };
		40E99A721F61EFAD00B6F9F9 /* NGNFunctionalFireSafetyCategory+CoreDataProperties.m */ = {isa = PBXFileReference; lastKnownFileType = sourcecode.c.objc; path = "NGNFunctionalFireSafetyCategory+CoreDataProperties.m"; sourceTree = "<group>"; };
		40E99A8E1F658B6A00B6F9F9 /* FastEasyMapping.framework */ = {isa = PBXFileReference; explicitFileType = wrapper.framework; path = FastEasyMapping.framework; sourceTree = BUILT_PRODUCTS_DIR; };
		40E99A901F658B6F00B6F9F9 /* REFrostedViewController.framework */ = {isa = PBXFileReference; explicitFileType = wrapper.framework; path = REFrostedViewController.framework; sourceTree = BUILT_PRODUCTS_DIR; };
		40E99A911F658C7C00B6F9F9 /* NGNManagedObjectMappingProtocol.h */ = {isa = PBXFileReference; lastKnownFileType = sourcecode.c.h; path = NGNManagedObjectMappingProtocol.h; sourceTree = "<group>"; };
		40E99A951F6724A200B6F9F9 /* NGNUserService.h */ = {isa = PBXFileReference; fileEncoding = 4; lastKnownFileType = sourcecode.c.h; name = NGNUserService.h; path = Services/NGNUserService.h; sourceTree = "<group>"; };
		40E99A961F6724A200B6F9F9 /* NGNUserService.m */ = {isa = PBXFileReference; fileEncoding = 4; lastKnownFileType = sourcecode.c.objc; name = NGNUserService.m; path = Services/NGNUserService.m; sourceTree = "<group>"; };
		40E99A971F6724A200B6F9F9 /* NGNProjectService.h */ = {isa = PBXFileReference; fileEncoding = 4; lastKnownFileType = sourcecode.c.h; name = NGNProjectService.h; path = Services/NGNProjectService.h; sourceTree = "<group>"; };
		40E99A981F6724A200B6F9F9 /* NGNProjectService.m */ = {isa = PBXFileReference; fileEncoding = 4; lastKnownFileType = sourcecode.c.objc; name = NGNProjectService.m; path = Services/NGNProjectService.m; sourceTree = "<group>"; };
		40E99A9B1F6729D600B6F9F9 /* NGNPositionService.h */ = {isa = PBXFileReference; lastKnownFileType = sourcecode.c.h; name = NGNPositionService.h; path = Services/NGNPositionService.h; sourceTree = "<group>"; };
		40E99A9C1F6729D600B6F9F9 /* NGNPositionService.m */ = {isa = PBXFileReference; lastKnownFileType = sourcecode.c.objc; name = NGNPositionService.m; path = Services/NGNPositionService.m; sourceTree = "<group>"; };
		40E99A9E1F67306A00B6F9F9 /* NGNRoomService.h */ = {isa = PBXFileReference; lastKnownFileType = sourcecode.c.h; name = NGNRoomService.h; path = Services/NGNRoomService.h; sourceTree = "<group>"; };
		40E99A9F1F67306A00B6F9F9 /* NGNRoomService.m */ = {isa = PBXFileReference; lastKnownFileType = sourcecode.c.objc; name = NGNRoomService.m; path = Services/NGNRoomService.m; sourceTree = "<group>"; };
		40E99AA11F686C6B00B6F9F9 /* NGNApertureGroupService.h */ = {isa = PBXFileReference; lastKnownFileType = sourcecode.c.h; name = NGNApertureGroupService.h; path = Services/NGNApertureGroupService.h; sourceTree = "<group>"; };
		40E99AA21F686C6B00B6F9F9 /* NGNApertureGroupService.m */ = {isa = PBXFileReference; lastKnownFileType = sourcecode.c.objc; name = NGNApertureGroupService.m; path = Services/NGNApertureGroupService.m; sourceTree = "<group>"; };
		40E99AA41F6881D600B6F9F9 /* NGNEntitiesParamsManager.h */ = {isa = PBXFileReference; lastKnownFileType = sourcecode.c.h; path = NGNEntitiesParamsManager.h; sourceTree = "<group>"; };
		40E99AA51F6881D600B6F9F9 /* NGNEntitiesParamsManager.m */ = {isa = PBXFileReference; lastKnownFileType = sourcecode.c.objc; path = NGNEntitiesParamsManager.m; sourceTree = "<group>"; };
		40E99AA71F69970C00B6F9F9 /* NGNSubstanceService.h */ = {isa = PBXFileReference; lastKnownFileType = sourcecode.c.h; name = NGNSubstanceService.h; path = Services/NGNSubstanceService.h; sourceTree = "<group>"; };
		40E99AA81F69970C00B6F9F9 /* NGNSubstanceService.m */ = {isa = PBXFileReference; lastKnownFileType = sourcecode.c.objc; name = NGNSubstanceService.m; path = Services/NGNSubstanceService.m; sourceTree = "<group>"; };
		40E99AAA1F69975100B6F9F9 /* NGNSubstancePileService.h */ = {isa = PBXFileReference; lastKnownFileType = sourcecode.c.h; name = NGNSubstancePileService.h; path = Services/NGNSubstancePileService.h; sourceTree = "<group>"; };
		40E99AAB1F69975100B6F9F9 /* NGNSubstancePileService.m */ = {isa = PBXFileReference; lastKnownFileType = sourcecode.c.objc; name = NGNSubstancePileService.m; path = Services/NGNSubstancePileService.m; sourceTree = "<group>"; };
		40E99AAD1F69993500B6F9F9 /* NGNFireResistanceRankService.h */ = {isa = PBXFileReference; lastKnownFileType = sourcecode.c.h; name = NGNFireResistanceRankService.h; path = Services/NGNFireResistanceRankService.h; sourceTree = "<group>"; };
		40E99AAE1F69993500B6F9F9 /* NGNFireResistanceRankService.m */ = {isa = PBXFileReference; lastKnownFileType = sourcecode.c.objc; name = NGNFireResistanceRankService.m; path = Services/NGNFireResistanceRankService.m; sourceTree = "<group>"; };
		40E99AB01F69995C00B6F9F9 /* NGNFireSafetyCategoryService.h */ = {isa = PBXFileReference; lastKnownFileType = sourcecode.c.h; name = NGNFireSafetyCategoryService.h; path = Services/NGNFireSafetyCategoryService.h; sourceTree = "<group>"; };
		40E99AB11F69995C00B6F9F9 /* NGNFireSafetyCategoryService.m */ = {isa = PBXFileReference; lastKnownFileType = sourcecode.c.objc; name = NGNFireSafetyCategoryService.m; path = Services/NGNFireSafetyCategoryService.m; sourceTree = "<group>"; };
		40E99AB31F699AE600B6F9F9 /* NGNFunctionalFireSafetyCategoryService.h */ = {isa = PBXFileReference; lastKnownFileType = sourcecode.c.h; name = NGNFunctionalFireSafetyCategoryService.h; path = Services/NGNFunctionalFireSafetyCategoryService.h; sourceTree = "<group>"; };
		40E99AB41F699AE600B6F9F9 /* NGNFunctionalFireSafetyCategoryService.m */ = {isa = PBXFileReference; lastKnownFileType = sourcecode.c.objc; name = NGNFunctionalFireSafetyCategoryService.m; path = Services/NGNFunctionalFireSafetyCategoryService.m; sourceTree = "<group>"; };
		40E99AB61F699B0800B6F9F9 /* NGNFunctionalFireSafetySubcategoryService.h */ = {isa = PBXFileReference; lastKnownFileType = sourcecode.c.h; name = NGNFunctionalFireSafetySubcategoryService.h; path = Services/NGNFunctionalFireSafetySubcategoryService.h; sourceTree = "<group>"; };
		40E99AB71F699B0800B6F9F9 /* NGNFunctionalFireSafetySubcategoryService.m */ = {isa = PBXFileReference; lastKnownFileType = sourcecode.c.objc; name = NGNFunctionalFireSafetySubcategoryService.m; path = Services/NGNFunctionalFireSafetySubcategoryService.m; sourceTree = "<group>"; };
		40E99AB91F699B6E00B6F9F9 /* NGNSubstanceTypeService.h */ = {isa = PBXFileReference; lastKnownFileType = sourcecode.c.h; name = NGNSubstanceTypeService.h; path = Services/NGNSubstanceTypeService.h; sourceTree = "<group>"; };
		40E99ABA1F699B6E00B6F9F9 /* NGNSubstanceTypeService.m */ = {isa = PBXFileReference; lastKnownFileType = sourcecode.c.objc; name = NGNSubstanceTypeService.m; path = Services/NGNSubstanceTypeService.m; sourceTree = "<group>"; };
		40E99ABC1F699BBB00B6F9F9 /* NGNMinimumREIConstructionTypeService.h */ = {isa = PBXFileReference; lastKnownFileType = sourcecode.c.h; name = NGNMinimumREIConstructionTypeService.h; path = Services/NGNMinimumREIConstructionTypeService.h; sourceTree = "<group>"; };
		40E99ABD1F699BBB00B6F9F9 /* NGNMinimumREIConstructionTypeService.m */ = {isa = PBXFileReference; lastKnownFileType = sourcecode.c.objc; name = NGNMinimumREIConstructionTypeService.m; path = Services/NGNMinimumREIConstructionTypeService.m; sourceTree = "<group>"; };
		4B75DF3CDA3D549079226694 /* Pods-FireProtection.release.xcconfig */ = {isa = PBXFileReference; includeInIndex = 1; lastKnownFileType = text.xcconfig; name = "Pods-FireProtection.release.xcconfig"; path = "Pods/Target Support Files/Pods-FireProtection/Pods-FireProtection.release.xcconfig"; sourceTree = "<group>"; };
		C212BC601A3CB58A2C23340E /* Pods_FireProtection.framework */ = {isa = PBXFileReference; explicitFileType = wrapper.framework; includeInIndex = 0; path = Pods_FireProtection.framework; sourceTree = BUILT_PRODUCTS_DIR; };
/* End PBXFileReference section */

/* Begin PBXFrameworksBuildPhase section */
		40D89EA81F40621800B07AB5 /* Frameworks */ = {
			isa = PBXFrameworksBuildPhase;
			buildActionMask = 2147483647;
			files = (
				40E99A8F1F658B6F00B6F9F9 /* REFrostedViewController.framework in Frameworks */,
				40E99A8D1F658B6A00B6F9F9 /* FastEasyMapping.framework in Frameworks */,
				7B45A67CDD6E46A72CA46BC8 /* Pods_FireProtection.framework in Frameworks */,
			);
			runOnlyForDeploymentPostprocessing = 0;
		};
/* End PBXFrameworksBuildPhase section */

/* Begin PBXGroup section */
		209DCB0B3D88897248DE0B76 /* Pods */ = {
			isa = PBXGroup;
			children = (
				0083F4C360BB0D23DD64D5CA /* Pods-FireProtection.debug.xcconfig */,
				4B75DF3CDA3D549079226694 /* Pods-FireProtection.release.xcconfig */,
			);
			name = Pods;
			sourceTree = "<group>";
		};
		4006F5C71F9419AF000F371A /* Controllers */ = {
			isa = PBXGroup;
			children = (
				4006F5C81F9419DE000F371A /* NGNFireHazardCalculationController.h */,
				4006F5C91F9419DE000F371A /* NGNFireHazardCalculationController.m */,
				40ABBA621F95539900DC2D9D /* NGNTemporarySubstancePilesController.h */,
				40ABBA631F95539900DC2D9D /* NGNTemporarySubstancePilesController.m */,
				405141FA1F961C79001F36BD /* NGNLocalSubstancePileDetailController.h */,
				405141FB1F961C79001F36BD /* NGNLocalSubstancePileDetailController.m */,
			);
			path = Controllers;
			sourceTree = "<group>";
		};
		400D97B51F7454F0003C5CCE /* Modules */ = {
			isa = PBXGroup;
			children = (
				40137BF91F939365008D27B5 /* RoomCategoryCalculationModule */,
				40C458481F85695F004C0709 /* TabBarModule */,
				400D97B61F7461C1003C5CCE /* AuthentificationModule */,
			);
			name = Modules;
			sourceTree = "<group>";
		};
		400D97B61F7461C1003C5CCE /* AuthentificationModule */ = {
			isa = PBXGroup;
			children = (
				4003D8F41F992C48003C6F72 /* Authentification.storyboard */,
				40A618C51F69AAA30075AE38 /* NGNUserAuthentificationManager.h */,
				40A618C61F69AAA30075AE38 /* NGNUserAuthentificationManager.m */,
				400D97B81F746290003C5CCE /* Controllers */,
			);
			name = AuthentificationModule;
			path = Modules/AuthentificationModule;
			sourceTree = "<group>";
		};
		400D97B81F746290003C5CCE /* Controllers */ = {
			isa = PBXGroup;
			children = (
				400D97B91F74694F003C5CCE /* NGNAuthentificationcontrollerViewController.h */,
				400D97BA1F74694F003C5CCE /* NGNAuthentificationcontrollerViewController.m */,
				401777311F75B5070061BEEF /* NGNRegistrationViewController.h */,
				401777321F75B5070061BEEF /* NGNRegistrationViewController.m */,
			);
			path = Controllers;
			sourceTree = "<group>";
		};
		40137BF91F939365008D27B5 /* RoomCategoryCalculationModule */ = {
			isa = PBXGroup;
			children = (
				4006F5C71F9419AF000F371A /* Controllers */,
				40137BFA1F9393B9008D27B5 /* NGNRoomCategoryCalculator.h */,
				40137BFB1F9393B9008D27B5 /* NGNRoomCategoryCalculator.m */,
				40ABBA5F1F953CB000DC2D9D /* NGNLocalSubstancePile.h */,
				40ABBA601F953CB000DC2D9D /* NGNLocalSubstancePile.m */,
			);
			name = RoomCategoryCalculationModule;
			path = Modules/RoomCategoryCalculationModule;
			sourceTree = "<group>";
		};
		4017773A1F76E3A10061BEEF /* BasicControllers */ = {
			isa = PBXGroup;
			children = (
				401777371F76E39A0061BEEF /* NGNProjectsTableViewController.h */,
				401777381F76E39A0061BEEF /* NGNProjectsTableViewController.m */,
				4017773B1F76E40D0061BEEF /* NGNVocabulariesTableViewController.h */,
				4017773C1F76E40D0061BEEF /* NGNVocabulariesTableViewController.m */,
				40C4584F1F858837004C0709 /* NGNAboutViewController.h */,
				40C458501F858837004C0709 /* NGNAboutViewController.m */,
				4004DA1A1F879BD1003BA8C0 /* NGNSettingsController.h */,
				4004DA1B1F879BD1003BA8C0 /* NGNSettingsController.m */,
			);
			name = BasicControllers;
			sourceTree = "<group>";
		};
		403124351F86AD0D00CE3F77 /* VocabularyControllers */ = {
			isa = PBXGroup;
			children = (
				403124461F86DF8E00CE3F77 /* DetailControllers */,
				403124371F86B10500CE3F77 /* NGNBasicVocabularyController.h */,
				403124381F86B10500CE3F77 /* NGNBasicVocabularyController.m */,
				4031243A1F86B38E00CE3F77 /* NGNFireResistanceRankController.h */,
				4031243B1F86B38E00CE3F77 /* NGNFireResistanceRankController.m */,
				4031243D1F86BD9100CE3F77 /* NGNFireSafetyCategoryController.h */,
				4031243E1F86BD9100CE3F77 /* NGNFireSafetyCategoryController.m */,
				403124401F86C27500CE3F77 /* NGNSubstanceTypeController.h */,
				403124411F86C27500CE3F77 /* NGNSubstanceTypeController.m */,
				403124431F86C4DB00CE3F77 /* NGNSubstanceController.h */,
				403124441F86C4DB00CE3F77 /* NGNSubstanceController.m */,
			);
			name = VocabularyControllers;
			sourceTree = "<group>";
		};
		403124461F86DF8E00CE3F77 /* DetailControllers */ = {
			isa = PBXGroup;
			children = (
				403124471F86DFC800CE3F77 /* NGNFireResistanceRankDetailController.h */,
				403124481F86DFC800CE3F77 /* NGNFireResistanceRankDetailController.m */,
				4031244A1F86EE2C00CE3F77 /* NGNFireSafetyCategoryDetailController.h */,
				4031244B1F86EE2C00CE3F77 /* NGNFireSafetyCategoryDetailController.m */,
				401C2EA81F86F7D800A334E2 /* NGNSubstanceTypeDetailController.h */,
				401C2EA91F86F7D800A334E2 /* NGNSubstanceTypeDetailController.m */,
				401C2EAB1F86FA3A00A334E2 /* NGNSubstanceDetailController.h */,
				401C2EAC1F86FA3A00A334E2 /* NGNSubstanceDetailController.m */,
			);
			name = DetailControllers;
			sourceTree = "<group>";
		};
		404538601F4B9F7300125AC3 /* Constants */ = {
			isa = PBXGroup;
			children = (
				40D03F081F7AF2C600271DC5 /* NGNStoryboardConstants.h */,
				40D03F091F7AF2C600271DC5 /* NGNStoryboardConstants.m */,
				40E999DA1F5F26A500B6F9F9 /* NGNCoreDataEntitiesConstants.h */,
				40E999DC1F5F26A500B6F9F9 /* NGNCoreDataEntitiesConstants.m */,
				40E999DB1F5F26A500B6F9F9 /* NGNServerSideLayerConstants.h */,
				40E999D91F5F26A500B6F9F9 /* NGNServerSideLayerConstants.m */,
				404538611F4B9FA600125AC3 /* NGNCommonConstants.h */,
				404538621F4B9FA600125AC3 /* NGNCommonConstants.m */,
				4003D9041F994E10003C6F72 /* NGNLocalizationConstants.h */,
				4003D9051F994E10003C6F72 /* NGNLocalizationConstants.m */,
			);
			name = Constants;
			sourceTree = "<group>";
		};
		40A618C81F69B8D10075AE38 /* Utils */ = {
			isa = PBXGroup;
			children = (
				40A618C91F69B8FE0075AE38 /* NGNPropertyUtil.h */,
				40A618CA1F69B8FE0075AE38 /* NGNPropertyUtil.m */,
				401777341F75C6BA0061BEEF /* NGNRegexMatchUtil.h */,
				401777351F75C6BA0061BEEF /* NGNRegexMatchUtil.m */,
			);
			name = Utils;
			sourceTree = "<group>";
		};
		40A9A3681F74034000B3876C /* DataManipulation */ = {
			isa = PBXGroup;
			children = (
				40D89ECD1F4067E600B07AB5 /* MiddleLayer */,
				40D89ECC1F4067D900B07AB5 /* ServerSideLayer */,
				40D89ECB1F4067C500B07AB5 /* StorageLayer */,
			);
			name = DataManipulation;
			path = Model/DataManipulation;
			sourceTree = "<group>";
		};
		40C458481F85695F004C0709 /* TabBarModule */ = {
			isa = PBXGroup;
			children = (
				40C458491F856985004C0709 /* NGNTabBarManager.h */,
				40C4584A1F856985004C0709 /* NGNTabBarManager.m */,
				40C4584C1F856CD4004C0709 /* NGNTabBarController.h */,
				40C4584D1F856CD4004C0709 /* NGNTabBarController.m */,
			);
			name = TabBarModule;
			path = Modules/TabBarModule;
			sourceTree = "<group>";
		};
		40D89EA21F40621800B07AB5 = {
			isa = PBXGroup;
			children = (
				40D89EAD1F40621800B07AB5 /* FireProtection */,
				40D89EAC1F40621800B07AB5 /* Products */,
				209DCB0B3D88897248DE0B76 /* Pods */,
				4E39C461AB95EF80C0235FB6 /* Frameworks */,
			);
			sourceTree = "<group>";
		};
		40D89EAC1F40621800B07AB5 /* Products */ = {
			isa = PBXGroup;
			children = (
				40D89EAB1F40621800B07AB5 /* FireProtection.app */,
			);
			name = Products;
			sourceTree = "<group>";
		};
		40D89EAD1F40621800B07AB5 /* FireProtection */ = {
			isa = PBXGroup;
			children = (
				400D97B51F7454F0003C5CCE /* Modules */,
				40A618C81F69B8D10075AE38 /* Utils */,
				40E999EE1F61CF2000B6F9F9 /* Resources */,
				404538601F4B9F7300125AC3 /* Constants */,
				40D89ECA1F40673000B07AB5 /* Controller */,
				40D89EC91F40672A00B07AB5 /* Model */,
				40D89EC81F40672500B07AB5 /* View */,
				40D89EB11F40621800B07AB5 /* AppDelegate.h */,
				40D89EB21F40621800B07AB5 /* AppDelegate.m */,
				40D89EAE1F40621800B07AB5 /* Supporting Files */,
			);
			path = FireProtection;
			sourceTree = "<group>";
		};
		40D89EAE1F40621800B07AB5 /* Supporting Files */ = {
			isa = PBXGroup;
			children = (
				4065F87A1FAA80340039F920 /* Assets.xcassets */,
				40A9A3691F74063100B3876C /* FireProtection.xcdatamodeld */,
				40D89EB71F40621800B07AB5 /* Main.storyboard */,
				40D89EBF1F40621800B07AB5 /* LaunchScreen.storyboard */,
				40D89EC21F40621800B07AB5 /* Info.plist */,
				40D89EAF1F40621800B07AB5 /* main.m */,
				4003D9021F99480D003C6F72 /* Localizable.strings */,
			);
			name = "Supporting Files";
			sourceTree = "<group>";
		};
		40D89EC81F40672500B07AB5 /* View */ = {
			isa = PBXGroup;
			children = (
			);
			name = View;
			sourceTree = "<group>";
		};
		40D89EC91F40672A00B07AB5 /* Model */ = {
			isa = PBXGroup;
			children = (
				40A9A3681F74034000B3876C /* DataManipulation */,
			);
			name = Model;
			sourceTree = "<group>";
		};
		40D89ECA1F40673000B07AB5 /* Controller */ = {
			isa = PBXGroup;
			children = (
				40C21C3C1F9CDA2400C0D3D3 /* NGNBasicTableViewController.h */,
				40C21C3D1F9CDA2400C0D3D3 /* NGNBasicTableViewController.m */,
				403124351F86AD0D00CE3F77 /* VocabularyControllers */,
				4017773A1F76E3A10061BEEF /* BasicControllers */,
			);
			name = Controller;
			sourceTree = "<group>";
		};
		40D89ECB1F4067C500B07AB5 /* StorageLayer */ = {
			isa = PBXGroup;
			children = (
				40D89ECF1F40689E00B07AB5 /* Model */,
				40D89ECE1F40688A00B07AB5 /* Core */,
			);
			path = StorageLayer;
			sourceTree = "<group>";
		};
		40D89ECC1F4067D900B07AB5 /* ServerSideLayer */ = {
			isa = PBXGroup;
			children = (
				40E99AA41F6881D600B6F9F9 /* NGNEntitiesParamsManager.h */,
				40E99AA51F6881D600B6F9F9 /* NGNEntitiesParamsManager.m */,
				40E999DF1F5F2C3600B6F9F9 /* Services */,
			);
			path = ServerSideLayer;
			sourceTree = "<group>";
		};
		40D89ECD1F4067E600B07AB5 /* MiddleLayer */ = {
			isa = PBXGroup;
			children = (
				40E999E81F5F405600B6F9F9 /* NGNReachability.h */,
				40E999E71F5F405600B6F9F9 /* NGNReachability.m */,
				40E999E91F5F405600B6F9F9 /* NGNServerDataLoadManager.h */,
				40E999EA1F5F405600B6F9F9 /* NGNServerDataLoadManager.m */,
				40C458451F845196004C0709 /* NGNApplicationEnterExitManager.h */,
				40C458461F845196004C0709 /* NGNApplicationEnterExitManager.m */,
			);
			path = MiddleLayer;
			sourceTree = "<group>";
		};
		40D89ECE1F40688A00B07AB5 /* Core */ = {
			isa = PBXGroup;
			children = (
				40E999D41F5F25EC00B6F9F9 /* NGNDataBaseManager.h */,
				40E999D31F5F25EC00B6F9F9 /* NGNDataBaseManager.m */,
				40A9A2FB1F726D7800B3876C /* NGNApplicationStateManager.h */,
				40A9A2FC1F726D7800B3876C /* NGNApplicationStateManager.m */,
				40E999D61F5F261B00B6F9F9 /* NSManagedObject+NGNCRUDAppendix.h */,
				40E999D71F5F261B00B6F9F9 /* NSManagedObject+NGNCRUDAppendix.m */,
			);
			path = Core;
			sourceTree = "<group>";
		};
		40D89ECF1F40689E00B07AB5 /* Model */ = {
			isa = PBXGroup;
			children = (
				40E999D21F5F184200B6F9F9 /* NGNCoreDataModel.h */,
				40E99A911F658C7C00B6F9F9 /* NGNManagedObjectMappingProtocol.h */,
				40E99A631F61EFAD00B6F9F9 /* NGNUser+CoreDataClass.h */,
				40E99A641F61EFAD00B6F9F9 /* NGNUser+CoreDataClass.m */,
				40E99A651F61EFAD00B6F9F9 /* NGNUser+CoreDataProperties.h */,
				40E99A661F61EFAD00B6F9F9 /* NGNUser+CoreDataProperties.m */,
				40E99A471F61EFAD00B6F9F9 /* NGNProject+CoreDataClass.h */,
				40E99A481F61EFAD00B6F9F9 /* NGNProject+CoreDataClass.m */,
				40E99A491F61EFAD00B6F9F9 /* NGNProject+CoreDataProperties.h */,
				40E99A4A1F61EFAD00B6F9F9 /* NGNProject+CoreDataProperties.m */,
				40E99A431F61EFAD00B6F9F9 /* NGNPosition+CoreDataClass.h */,
				40E99A441F61EFAD00B6F9F9 /* NGNPosition+CoreDataClass.m */,
				40E99A451F61EFAD00B6F9F9 /* NGNPosition+CoreDataProperties.h */,
				40E99A461F61EFAD00B6F9F9 /* NGNPosition+CoreDataProperties.m */,
				40E99A3F1F61EFAD00B6F9F9 /* NGNRoom+CoreDataClass.h */,
				40E99A401F61EFAD00B6F9F9 /* NGNRoom+CoreDataClass.m */,
				40E99A411F61EFAD00B6F9F9 /* NGNRoom+CoreDataProperties.h */,
				40E99A421F61EFAD00B6F9F9 /* NGNRoom+CoreDataProperties.m */,
				40E99A6B1F61EFAD00B6F9F9 /* NGNApertureGroup+CoreDataClass.h */,
				40E99A6C1F61EFAD00B6F9F9 /* NGNApertureGroup+CoreDataClass.m */,
				40E99A6D1F61EFAD00B6F9F9 /* NGNApertureGroup+CoreDataProperties.h */,
				40E99A6E1F61EFAD00B6F9F9 /* NGNApertureGroup+CoreDataProperties.m */,
				40E99A531F61EFAD00B6F9F9 /* NGNSubstance+CoreDataClass.h */,
				40E99A541F61EFAD00B6F9F9 /* NGNSubstance+CoreDataClass.m */,
				40E99A551F61EFAD00B6F9F9 /* NGNSubstance+CoreDataProperties.h */,
				40E99A561F61EFAD00B6F9F9 /* NGNSubstance+CoreDataProperties.m */,
				40E99A5B1F61EFAD00B6F9F9 /* NGNSubstancePile+CoreDataClass.h */,
				40E99A5C1F61EFAD00B6F9F9 /* NGNSubstancePile+CoreDataClass.m */,
				40E99A5D1F61EFAD00B6F9F9 /* NGNSubstancePile+CoreDataProperties.h */,
				40E99A5E1F61EFAD00B6F9F9 /* NGNSubstancePile+CoreDataProperties.m */,
				40E99A571F61EFAD00B6F9F9 /* NGNFireResistanceRank+CoreDataClass.h */,
				40E99A581F61EFAD00B6F9F9 /* NGNFireResistanceRank+CoreDataClass.m */,
				40E99A591F61EFAD00B6F9F9 /* NGNFireResistanceRank+CoreDataProperties.h */,
				40E99A5A1F61EFAD00B6F9F9 /* NGNFireResistanceRank+CoreDataProperties.m */,
				40E99A4B1F61EFAD00B6F9F9 /* NGNFireSafetyCategory+CoreDataClass.h */,
				40E99A4C1F61EFAD00B6F9F9 /* NGNFireSafetyCategory+CoreDataClass.m */,
				40E99A4D1F61EFAD00B6F9F9 /* NGNFireSafetyCategory+CoreDataProperties.h */,
				40E99A4E1F61EFAD00B6F9F9 /* NGNFireSafetyCategory+CoreDataProperties.m */,
				40E99A6F1F61EFAD00B6F9F9 /* NGNFunctionalFireSafetyCategory+CoreDataClass.h */,
				40E99A701F61EFAD00B6F9F9 /* NGNFunctionalFireSafetyCategory+CoreDataClass.m */,
				40E99A711F61EFAD00B6F9F9 /* NGNFunctionalFireSafetyCategory+CoreDataProperties.h */,
				40E99A721F61EFAD00B6F9F9 /* NGNFunctionalFireSafetyCategory+CoreDataProperties.m */,
				40E99A671F61EFAD00B6F9F9 /* NGNFunctionalFireSafetySubcategory+CoreDataClass.h */,
				40E99A681F61EFAD00B6F9F9 /* NGNFunctionalFireSafetySubcategory+CoreDataClass.m */,
				40E99A691F61EFAD00B6F9F9 /* NGNFunctionalFireSafetySubcategory+CoreDataProperties.h */,
				40E99A6A1F61EFAD00B6F9F9 /* NGNFunctionalFireSafetySubcategory+CoreDataProperties.m */,
				40E99A4F1F61EFAD00B6F9F9 /* NGNSubstanceType+CoreDataClass.h */,
				40E99A501F61EFAD00B6F9F9 /* NGNSubstanceType+CoreDataClass.m */,
				40E99A511F61EFAD00B6F9F9 /* NGNSubstanceType+CoreDataProperties.h */,
				40E99A521F61EFAD00B6F9F9 /* NGNSubstanceType+CoreDataProperties.m */,
				40E99A5F1F61EFAD00B6F9F9 /* NGNMinimumREIConstructionType+CoreDataClass.h */,
				40E99A601F61EFAD00B6F9F9 /* NGNMinimumREIConstructionType+CoreDataClass.m */,
				40E99A611F61EFAD00B6F9F9 /* NGNMinimumREIConstructionType+CoreDataProperties.h */,
				40E99A621F61EFAD00B6F9F9 /* NGNMinimumREIConstructionType+CoreDataProperties.m */,
			);
			path = Model;
			sourceTree = "<group>";
		};
		40E999DF1F5F2C3600B6F9F9 /* Services */ = {
			isa = PBXGroup;
			children = (
				40E999ED1F5F40E600B6F9F9 /* NGNServerLayerServices.h */,
				40E999E61F5F2CDF00B6F9F9 /* NGNServiceProtocol.h */,
				40E999E11F5F2C6B00B6F9F9 /* NGNAbstractService.h */,
				40E999E21F5F2C6B00B6F9F9 /* NGNAbstractService.m */,
				40E999E01F5F2C6B00B6F9F9 /* NGNBasicService.h */,
				40E999E31F5F2C6B00B6F9F9 /* NGNBasicService.m */,
				40E99A951F6724A200B6F9F9 /* NGNUserService.h */,
				40E99A961F6724A200B6F9F9 /* NGNUserService.m */,
				40E99A971F6724A200B6F9F9 /* NGNProjectService.h */,
				40E99A981F6724A200B6F9F9 /* NGNProjectService.m */,
				40E99A9B1F6729D600B6F9F9 /* NGNPositionService.h */,
				40E99A9C1F6729D600B6F9F9 /* NGNPositionService.m */,
				40E99A9E1F67306A00B6F9F9 /* NGNRoomService.h */,
				40E99A9F1F67306A00B6F9F9 /* NGNRoomService.m */,
				40E99AA11F686C6B00B6F9F9 /* NGNApertureGroupService.h */,
				40E99AA21F686C6B00B6F9F9 /* NGNApertureGroupService.m */,
				40E99AA71F69970C00B6F9F9 /* NGNSubstanceService.h */,
				40E99AA81F69970C00B6F9F9 /* NGNSubstanceService.m */,
				40E99AAA1F69975100B6F9F9 /* NGNSubstancePileService.h */,
				40E99AAB1F69975100B6F9F9 /* NGNSubstancePileService.m */,
				40E99AAD1F69993500B6F9F9 /* NGNFireResistanceRankService.h */,
				40E99AAE1F69993500B6F9F9 /* NGNFireResistanceRankService.m */,
				40E99AB01F69995C00B6F9F9 /* NGNFireSafetyCategoryService.h */,
				40E99AB11F69995C00B6F9F9 /* NGNFireSafetyCategoryService.m */,
				40E99AB31F699AE600B6F9F9 /* NGNFunctionalFireSafetyCategoryService.h */,
				40E99AB41F699AE600B6F9F9 /* NGNFunctionalFireSafetyCategoryService.m */,
				40E99AB61F699B0800B6F9F9 /* NGNFunctionalFireSafetySubcategoryService.h */,
				40E99AB71F699B0800B6F9F9 /* NGNFunctionalFireSafetySubcategoryService.m */,
				40E99AB91F699B6E00B6F9F9 /* NGNSubstanceTypeService.h */,
				40E99ABA1F699B6E00B6F9F9 /* NGNSubstanceTypeService.m */,
				40E99ABC1F699BBB00B6F9F9 /* NGNMinimumREIConstructionTypeService.h */,
				40E99ABD1F699BBB00B6F9F9 /* NGNMinimumREIConstructionTypeService.m */,
			);
			name = Services;
			sourceTree = "<group>";
		};
		40E999EE1F61CF2000B6F9F9 /* Resources */ = {
			isa = PBXGroup;
			children = (
				40E999EF1F61CF3600B6F9F9 /* db.json */,
			);
			name = Resources;
			sourceTree = "<group>";
		};
		4E39C461AB95EF80C0235FB6 /* Frameworks */ = {
			isa = PBXGroup;
			children = (
				40E99A901F658B6F00B6F9F9 /* REFrostedViewController.framework */,
				40E99A8E1F658B6A00B6F9F9 /* FastEasyMapping.framework */,
				C212BC601A3CB58A2C23340E /* Pods_FireProtection.framework */,
			);
			name = Frameworks;
			sourceTree = "<group>";
		};
/* End PBXGroup section */

/* Begin PBXNativeTarget section */
		40D89EAA1F40621800B07AB5 /* FireProtection */ = {
			isa = PBXNativeTarget;
			buildConfigurationList = 40D89EC51F40621800B07AB5 /* Build configuration list for PBXNativeTarget "FireProtection" */;
			buildPhases = (
				A5927122A1B2888B6450C4AB /* [CP] Check Pods Manifest.lock */,
				40D89EA71F40621800B07AB5 /* Sources */,
				40D89EA81F40621800B07AB5 /* Frameworks */,
				40D89EA91F40621800B07AB5 /* Resources */,
				41395F6737B6DD405AA9F7D7 /* [CP] Embed Pods Frameworks */,
				5B0701E9392A98E0D492F13B /* [CP] Copy Pods Resources */,
			);
			buildRules = (
			);
			dependencies = (
			);
			name = FireProtection;
			productName = FireProtection;
			productReference = 40D89EAB1F40621800B07AB5 /* FireProtection.app */;
			productType = "com.apple.product-type.application";
		};
/* End PBXNativeTarget section */

/* Begin PBXProject section */
		40D89EA31F40621800B07AB5 /* Project object */ = {
			isa = PBXProject;
			attributes = {
				CLASSPREFIX = NGN;
				LastUpgradeCheck = 0900;
				ORGANIZATIONNAME = "Alexey Stafeyev";
				TargetAttributes = {
					40D89EAA1F40621800B07AB5 = {
						CreatedOnToolsVersion = 8.3.3;
						DevelopmentTeam = 9M22BH66EU;
						ProvisioningStyle = Automatic;
						SystemCapabilities = {
							com.apple.BackgroundModes = {
								enabled = 1;
							};
						};
					};
				};
			};
			buildConfigurationList = 40D89EA61F40621800B07AB5 /* Build configuration list for PBXProject "FireProtection" */;
			compatibilityVersion = "Xcode 8.0";
			developmentRegion = English;
			hasScannedForEncodings = 0;
			knownRegions = (
				en,
				Base,
			);
			mainGroup = 40D89EA21F40621800B07AB5;
			productRefGroup = 40D89EAC1F40621800B07AB5 /* Products */;
			projectDirPath = "";
			projectRoot = "";
			targets = (
				40D89EAA1F40621800B07AB5 /* FireProtection */,
			);
		};
/* End PBXProject section */

/* Begin PBXResourcesBuildPhase section */
		40D89EA91F40621800B07AB5 /* Resources */ = {
			isa = PBXResourcesBuildPhase;
			buildActionMask = 2147483647;
			files = (
				40D89EC11F40621800B07AB5 /* LaunchScreen.storyboard in Resources */,
				4003D9001F99480D003C6F72 /* Localizable.strings in Resources */,
				4003D8F21F992C48003C6F72 /* Authentification.storyboard in Resources */,
				40E999F01F61CF3600B6F9F9 /* db.json in Resources */,
				4065F87B1FAA80350039F920 /* Assets.xcassets in Resources */,
				40D89EB91F40621800B07AB5 /* Main.storyboard in Resources */,
			);
			runOnlyForDeploymentPostprocessing = 0;
		};
/* End PBXResourcesBuildPhase section */

/* Begin PBXShellScriptBuildPhase section */
		41395F6737B6DD405AA9F7D7 /* [CP] Embed Pods Frameworks */ = {
			isa = PBXShellScriptBuildPhase;
			buildActionMask = 2147483647;
			files = (
			);
			inputPaths = (
			);
			name = "[CP] Embed Pods Frameworks";
			outputPaths = (
			);
			runOnlyForDeploymentPostprocessing = 0;
			shellPath = /bin/sh;
			shellScript = "\"${SRCROOT}/Pods/Target Support Files/Pods-FireProtection/Pods-FireProtection-frameworks.sh\"\n";
			showEnvVarsInLog = 0;
		};
		5B0701E9392A98E0D492F13B /* [CP] Copy Pods Resources */ = {
			isa = PBXShellScriptBuildPhase;
			buildActionMask = 2147483647;
			files = (
			);
			inputPaths = (
			);
			name = "[CP] Copy Pods Resources";
			outputPaths = (
			);
			runOnlyForDeploymentPostprocessing = 0;
			shellPath = /bin/sh;
			shellScript = "\"${SRCROOT}/Pods/Target Support Files/Pods-FireProtection/Pods-FireProtection-resources.sh\"\n";
			showEnvVarsInLog = 0;
		};
		A5927122A1B2888B6450C4AB /* [CP] Check Pods Manifest.lock */ = {
			isa = PBXShellScriptBuildPhase;
			buildActionMask = 2147483647;
			files = (
			);
			inputPaths = (
			);
			name = "[CP] Check Pods Manifest.lock";
			outputPaths = (
			);
			runOnlyForDeploymentPostprocessing = 0;
			shellPath = /bin/sh;
			shellScript = "diff \"${PODS_PODFILE_DIR_PATH}/Podfile.lock\" \"${PODS_ROOT}/Manifest.lock\" > /dev/null\nif [ $? != 0 ] ; then\n    # print error to STDERR\n    echo \"error: The sandbox is not in sync with the Podfile.lock. Run 'pod install' or update your CocoaPods installation.\" >&2\n    exit 1\nfi\n";
			showEnvVarsInLog = 0;
		};
/* End PBXShellScriptBuildPhase section */

/* Begin PBXSourcesBuildPhase section */
		40D89EA71F40621800B07AB5 /* Sources */ = {
			isa = PBXSourcesBuildPhase;
			buildActionMask = 2147483647;
			files = (
				40E99A9D1F6729D600B6F9F9 /* NGNPositionService.m in Sources */,
				40E99A8B1F61EFAD00B6F9F9 /* NGNFunctionalFireSafetyCategory+CoreDataClass.m in Sources */,
				40C21C3E1F9CDA2400C0D3D3 /* NGNBasicTableViewController.m in Sources */,
				40E99A811F61EFAD00B6F9F9 /* NGNSubstancePile+CoreDataClass.m in Sources */,
				40E99A991F6724A200B6F9F9 /* NGNUserService.m in Sources */,
				40E999DE1F5F26A500B6F9F9 /* NGNCoreDataEntitiesConstants.m in Sources */,
				40E99A7E1F61EFAD00B6F9F9 /* NGNSubstance+CoreDataProperties.m in Sources */,
				40E99AB21F69995C00B6F9F9 /* NGNFireSafetyCategoryService.m in Sources */,
				40D03F0A1F7AF2C600271DC5 /* NGNStoryboardConstants.m in Sources */,
				40E99A7C1F61EFAD00B6F9F9 /* NGNSubstanceType+CoreDataProperties.m in Sources */,
				40E99A841F61EFAD00B6F9F9 /* NGNMinimumREIConstructionType+CoreDataProperties.m in Sources */,
				40E99A801F61EFAD00B6F9F9 /* NGNFireResistanceRank+CoreDataProperties.m in Sources */,
				403124391F86B10500CE3F77 /* NGNBasicVocabularyController.m in Sources */,
				4031243F1F86BD9100CE3F77 /* NGNFireSafetyCategoryController.m in Sources */,
				40E99A891F61EFAD00B6F9F9 /* NGNApertureGroup+CoreDataClass.m in Sources */,
				40E99ABE1F699BBB00B6F9F9 /* NGNMinimumREIConstructionTypeService.m in Sources */,
				40E99ABB1F699B6E00B6F9F9 /* NGNSubstanceTypeService.m in Sources */,
				40ABBA641F95539900DC2D9D /* NGNTemporarySubstancePilesController.m in Sources */,
				40E99AAF1F69993500B6F9F9 /* NGNFireResistanceRankService.m in Sources */,
				40E999E51F5F2C6C00B6F9F9 /* NGNBasicService.m in Sources */,
				40E99A821F61EFAD00B6F9F9 /* NGNSubstancePile+CoreDataProperties.m in Sources */,
				40E99A7B1F61EFAD00B6F9F9 /* NGNSubstanceType+CoreDataClass.m in Sources */,
				40A618CB1F69B8FE0075AE38 /* NGNPropertyUtil.m in Sources */,
				401777361F75C6BA0061BEEF /* NGNRegexMatchUtil.m in Sources */,
				401C2EAD1F86FA3A00A334E2 /* NGNSubstanceDetailController.m in Sources */,
				40E99A861F61EFAD00B6F9F9 /* NGNUser+CoreDataProperties.m in Sources */,
				40E99A751F61EFAD00B6F9F9 /* NGNPosition+CoreDataClass.m in Sources */,
				40E99A771F61EFAD00B6F9F9 /* NGNProject+CoreDataClass.m in Sources */,
				40E999EC1F5F405600B6F9F9 /* NGNServerDataLoadManager.m in Sources */,
				40A618C71F69AAA30075AE38 /* NGNUserAuthentificationManager.m in Sources */,
				40E999E41F5F2C6C00B6F9F9 /* NGNAbstractService.m in Sources */,
				40E99A761F61EFAD00B6F9F9 /* NGNPosition+CoreDataProperties.m in Sources */,
				40137BFC1F9393B9008D27B5 /* NGNRoomCategoryCalculator.m in Sources */,
				4031243C1F86B38E00CE3F77 /* NGNFireResistanceRankController.m in Sources */,
				40E99AA61F6881D600B6F9F9 /* NGNEntitiesParamsManager.m in Sources */,
				40A9A2FD1F726D7800B3876C /* NGNApplicationStateManager.m in Sources */,
				40E99AA01F67306A00B6F9F9 /* NGNRoomService.m in Sources */,
				400D97BB1F74694F003C5CCE /* NGNAuthentificationcontrollerViewController.m in Sources */,
				4017773D1F76E40D0061BEEF /* NGNVocabulariesTableViewController.m in Sources */,
				40C4584E1F856CD4004C0709 /* NGNTabBarController.m in Sources */,
				40E99A7A1F61EFAD00B6F9F9 /* NGNFireSafetyCategory+CoreDataProperties.m in Sources */,
				40E99A731F61EFAD00B6F9F9 /* NGNRoom+CoreDataClass.m in Sources */,
				40E99A871F61EFAD00B6F9F9 /* NGNFunctionalFireSafetySubcategory+CoreDataClass.m in Sources */,
				40E99AA31F686C6B00B6F9F9 /* NGNApertureGroupService.m in Sources */,
				401C2EAA1F86F7D800A334E2 /* NGNSubstanceTypeDetailController.m in Sources */,
				40E99A781F61EFAD00B6F9F9 /* NGNProject+CoreDataProperties.m in Sources */,
				40E999EB1F5F405600B6F9F9 /* NGNReachability.m in Sources */,
				40E99AB81F699B0800B6F9F9 /* NGNFunctionalFireSafetySubcategoryService.m in Sources */,
				40E99A8C1F61EFAD00B6F9F9 /* NGNFunctionalFireSafetyCategory+CoreDataProperties.m in Sources */,
				40E99AA91F69970C00B6F9F9 /* NGNSubstanceService.m in Sources */,
				403124421F86C27500CE3F77 /* NGNSubstanceTypeController.m in Sources */,
				404538631F4B9FA600125AC3 /* NGNCommonConstants.m in Sources */,
				40E999DD1F5F26A500B6F9F9 /* NGNServerSideLayerConstants.m in Sources */,
				403124451F86C4DB00CE3F77 /* NGNSubstanceController.m in Sources */,
				40E999D81F5F261B00B6F9F9 /* NSManagedObject+NGNCRUDAppendix.m in Sources */,
				4031244C1F86EE2C00CE3F77 /* NGNFireSafetyCategoryDetailController.m in Sources */,
				40E99A8A1F61EFAD00B6F9F9 /* NGNApertureGroup+CoreDataProperties.m in Sources */,
				40E99A9A1F6724A200B6F9F9 /* NGNProjectService.m in Sources */,
				405141FC1F961C79001F36BD /* NGNLocalSubstancePileDetailController.m in Sources */,
				40D89EB31F40621800B07AB5 /* AppDelegate.m in Sources */,
				40C458511F858837004C0709 /* NGNAboutViewController.m in Sources */,
				40C458471F845196004C0709 /* NGNApplicationEnterExitManager.m in Sources */,
				40E99A851F61EFAD00B6F9F9 /* NGNUser+CoreDataClass.m in Sources */,
				40ABBA611F953CB000DC2D9D /* NGNLocalSubstancePile.m in Sources */,
				40E99A7F1F61EFAD00B6F9F9 /* NGNFireResistanceRank+CoreDataClass.m in Sources */,
				40E999D51F5F25EC00B6F9F9 /* NGNDataBaseManager.m in Sources */,
				403124491F86DFC800CE3F77 /* NGNFireResistanceRankDetailController.m in Sources */,
				40E99A741F61EFAD00B6F9F9 /* NGNRoom+CoreDataProperties.m in Sources */,
				40A9A36B1F74063200B3876C /* FireProtection.xcdatamodeld in Sources */,
				40E99AAC1F69975100B6F9F9 /* NGNSubstancePileService.m in Sources */,
				4006F5CA1F9419DE000F371A /* NGNFireHazardCalculationController.m in Sources */,
				40E99A831F61EFAD00B6F9F9 /* NGNMinimumREIConstructionType+CoreDataClass.m in Sources */,
				40E99AB51F699AE600B6F9F9 /* NGNFunctionalFireSafetyCategoryService.m in Sources */,
				40D89EB01F40621800B07AB5 /* main.m in Sources */,
				40C4584B1F856985004C0709 /* NGNTabBarManager.m in Sources */,
				40E99A7D1F61EFAD00B6F9F9 /* NGNSubstance+CoreDataClass.m in Sources */,
				401777391F76E39A0061BEEF /* NGNProjectsTableViewController.m in Sources */,
				4004DA1C1F879BD1003BA8C0 /* NGNSettingsController.m in Sources */,
				40E99A881F61EFAD00B6F9F9 /* NGNFunctionalFireSafetySubcategory+CoreDataProperties.m in Sources */,
				40E99A791F61EFAD00B6F9F9 /* NGNFireSafetyCategory+CoreDataClass.m in Sources */,
				4003D9061F994E10003C6F72 /* NGNLocalizationConstants.m in Sources */,
				401777331F75B5070061BEEF /* NGNRegistrationViewController.m in Sources */,
			);
			runOnlyForDeploymentPostprocessing = 0;
		};
/* End PBXSourcesBuildPhase section */

/* Begin PBXVariantGroup section */
		4003D8F41F992C48003C6F72 /* Authentification.storyboard */ = {
			isa = PBXVariantGroup;
			children = (
				4003D8F31F992C48003C6F72 /* Base */,
				4003D8F51F992D72003C6F72 /* ru */,
				4003D8FD1F9942F6003C6F72 /* en */,
			);
			name = Authentification.storyboard;
			path = FireProtection/Modules/AuthentificationModule;
			sourceTree = SOURCE_ROOT;
		};
		4003D9021F99480D003C6F72 /* Localizable.strings */ = {
			isa = PBXVariantGroup;
			children = (
				4003D9011F99480D003C6F72 /* ru */,
				4003D9031F994816003C6F72 /* en */,
			);
			name = Localizable.strings;
			sourceTree = "<group>";
		};
		40D89EB71F40621800B07AB5 /* Main.storyboard */ = {
			isa = PBXVariantGroup;
			children = (
				40D89EB81F40621800B07AB5 /* Base */,
				4003D8F61F992D72003C6F72 /* ru */,
				40C21C421F9CFEFB00C0D3D3 /* en */,
			);
			name = Main.storyboard;
			sourceTree = "<group>";
		};
		40D89EBF1F40621800B07AB5 /* LaunchScreen.storyboard */ = {
			isa = PBXVariantGroup;
			children = (
				40D89EC01F40621800B07AB5 /* Base */,
				4003D8F71F992D73003C6F72 /* ru */,
				4003D8FB1F992DEE003C6F72 /* en */,
			);
			name = LaunchScreen.storyboard;
			sourceTree = "<group>";
		};
/* End PBXVariantGroup section */

/* Begin XCBuildConfiguration section */
		40D89EC31F40621800B07AB5 /* Debug */ = {
			isa = XCBuildConfiguration;
			buildSettings = {
				ALWAYS_SEARCH_USER_PATHS = NO;
				CLANG_ANALYZER_LOCALIZABILITY_NONLOCALIZED = YES;
				CLANG_ANALYZER_NONNULL = YES;
				CLANG_ANALYZER_NUMBER_OBJECT_CONVERSION = YES_AGGRESSIVE;
				CLANG_CXX_LANGUAGE_STANDARD = "gnu++0x";
				CLANG_CXX_LIBRARY = "libc++";
				CLANG_ENABLE_MODULES = YES;
				CLANG_ENABLE_OBJC_ARC = YES;
				CLANG_WARN_BLOCK_CAPTURE_AUTORELEASING = YES;
				CLANG_WARN_BOOL_CONVERSION = YES;
				CLANG_WARN_COMMA = YES;
				CLANG_WARN_CONSTANT_CONVERSION = YES;
				CLANG_WARN_DIRECT_OBJC_ISA_USAGE = YES_ERROR;
				CLANG_WARN_DOCUMENTATION_COMMENTS = YES;
				CLANG_WARN_EMPTY_BODY = YES;
				CLANG_WARN_ENUM_CONVERSION = YES;
				CLANG_WARN_INFINITE_RECURSION = YES;
				CLANG_WARN_INT_CONVERSION = YES;
				CLANG_WARN_NON_LITERAL_NULL_CONVERSION = YES;
				CLANG_WARN_OBJC_LITERAL_CONVERSION = YES;
				CLANG_WARN_OBJC_ROOT_CLASS = YES_ERROR;
				CLANG_WARN_RANGE_LOOP_ANALYSIS = YES;
				CLANG_WARN_STRICT_PROTOTYPES = YES;
				CLANG_WARN_SUSPICIOUS_MOVE = YES;
				CLANG_WARN_UNREACHABLE_CODE = YES;
				CLANG_WARN__DUPLICATE_METHOD_MATCH = YES;
				"CODE_SIGN_IDENTITY[sdk=iphoneos*]" = "iPhone Developer";
				COPY_PHASE_STRIP = NO;
				DEBUG_INFORMATION_FORMAT = dwarf;
				ENABLE_STRICT_OBJC_MSGSEND = YES;
				ENABLE_TESTABILITY = YES;
				GCC_C_LANGUAGE_STANDARD = gnu99;
				GCC_DYNAMIC_NO_PIC = NO;
				GCC_NO_COMMON_BLOCKS = YES;
				GCC_OPTIMIZATION_LEVEL = 0;
				GCC_PREPROCESSOR_DEFINITIONS = (
					"DEBUG=1",
					"$(inherited)",
				);
				GCC_WARN_64_TO_32_BIT_CONVERSION = YES;
				GCC_WARN_ABOUT_RETURN_TYPE = YES_ERROR;
				GCC_WARN_UNDECLARED_SELECTOR = YES;
				GCC_WARN_UNINITIALIZED_AUTOS = YES_AGGRESSIVE;
				GCC_WARN_UNUSED_FUNCTION = YES;
				GCC_WARN_UNUSED_VARIABLE = YES;
				IPHONEOS_DEPLOYMENT_TARGET = 10.3;
				MTL_ENABLE_DEBUG_INFO = YES;
				ONLY_ACTIVE_ARCH = YES;
				SDKROOT = iphoneos;
			};
			name = Debug;
		};
		40D89EC41F40621800B07AB5 /* Release */ = {
			isa = XCBuildConfiguration;
			buildSettings = {
				ALWAYS_SEARCH_USER_PATHS = NO;
				CLANG_ANALYZER_LOCALIZABILITY_NONLOCALIZED = YES;
				CLANG_ANALYZER_NONNULL = YES;
				CLANG_ANALYZER_NUMBER_OBJECT_CONVERSION = YES_AGGRESSIVE;
				CLANG_CXX_LANGUAGE_STANDARD = "gnu++0x";
				CLANG_CXX_LIBRARY = "libc++";
				CLANG_ENABLE_MODULES = YES;
				CLANG_ENABLE_OBJC_ARC = YES;
				CLANG_WARN_BLOCK_CAPTURE_AUTORELEASING = YES;
				CLANG_WARN_BOOL_CONVERSION = YES;
				CLANG_WARN_COMMA = YES;
				CLANG_WARN_CONSTANT_CONVERSION = YES;
				CLANG_WARN_DIRECT_OBJC_ISA_USAGE = YES_ERROR;
				CLANG_WARN_DOCUMENTATION_COMMENTS = YES;
				CLANG_WARN_EMPTY_BODY = YES;
				CLANG_WARN_ENUM_CONVERSION = YES;
				CLANG_WARN_INFINITE_RECURSION = YES;
				CLANG_WARN_INT_CONVERSION = YES;
				CLANG_WARN_NON_LITERAL_NULL_CONVERSION = YES;
				CLANG_WARN_OBJC_LITERAL_CONVERSION = YES;
				CLANG_WARN_OBJC_ROOT_CLASS = YES_ERROR;
				CLANG_WARN_RANGE_LOOP_ANALYSIS = YES;
				CLANG_WARN_STRICT_PROTOTYPES = YES;
				CLANG_WARN_SUSPICIOUS_MOVE = YES;
				CLANG_WARN_UNREACHABLE_CODE = YES;
				CLANG_WARN__DUPLICATE_METHOD_MATCH = YES;
				"CODE_SIGN_IDENTITY[sdk=iphoneos*]" = "iPhone Developer";
				COPY_PHASE_STRIP = NO;
				DEBUG_INFORMATION_FORMAT = "dwarf-with-dsym";
				ENABLE_NS_ASSERTIONS = NO;
				ENABLE_STRICT_OBJC_MSGSEND = YES;
				GCC_C_LANGUAGE_STANDARD = gnu99;
				GCC_NO_COMMON_BLOCKS = YES;
				GCC_WARN_64_TO_32_BIT_CONVERSION = YES;
				GCC_WARN_ABOUT_RETURN_TYPE = YES_ERROR;
				GCC_WARN_UNDECLARED_SELECTOR = YES;
				GCC_WARN_UNINITIALIZED_AUTOS = YES_AGGRESSIVE;
				GCC_WARN_UNUSED_FUNCTION = YES;
				GCC_WARN_UNUSED_VARIABLE = YES;
				IPHONEOS_DEPLOYMENT_TARGET = 10.3;
				MTL_ENABLE_DEBUG_INFO = NO;
				SDKROOT = iphoneos;
				VALIDATE_PRODUCT = YES;
			};
			name = Release;
		};
		40D89EC61F40621800B07AB5 /* Debug */ = {
			isa = XCBuildConfiguration;
			baseConfigurationReference = 0083F4C360BB0D23DD64D5CA /* Pods-FireProtection.debug.xcconfig */;
			buildSettings = {
				ASSETCATALOG_COMPILER_APPICON_NAME = AppIcon;
				ASSETCATALOG_COMPILER_LAUNCHIMAGE_NAME = "LaunchImage-2";
				DEVELOPMENT_TEAM = 9M22BH66EU;
				INFOPLIST_FILE = FireProtection/Info.plist;
				IPHONEOS_DEPLOYMENT_TARGET = 10.0;
				LD_RUNPATH_SEARCH_PATHS = "$(inherited) @executable_path/Frameworks";
				PRODUCT_BUNDLE_IDENTIFIER = NGN.FireProtection;
				PRODUCT_NAME = "$(TARGET_NAME)";
			};
			name = Debug;
		};
		40D89EC71F40621800B07AB5 /* Release */ = {
			isa = XCBuildConfiguration;
			baseConfigurationReference = 4B75DF3CDA3D549079226694 /* Pods-FireProtection.release.xcconfig */;
			buildSettings = {
				ASSETCATALOG_COMPILER_APPICON_NAME = AppIcon;
				ASSETCATALOG_COMPILER_LAUNCHIMAGE_NAME = "LaunchImage-2";
				DEVELOPMENT_TEAM = 9M22BH66EU;
				INFOPLIST_FILE = FireProtection/Info.plist;
				IPHONEOS_DEPLOYMENT_TARGET = 10.0;
				LD_RUNPATH_SEARCH_PATHS = "$(inherited) @executable_path/Frameworks";
				PRODUCT_BUNDLE_IDENTIFIER = NGN.FireProtection;
				PRODUCT_NAME = "$(TARGET_NAME)";
			};
			name = Release;
		};
/* End XCBuildConfiguration section */

/* Begin XCConfigurationList section */
		40D89EA61F40621800B07AB5 /* Build configuration list for PBXProject "FireProtection" */ = {
			isa = XCConfigurationList;
			buildConfigurations = (
				40D89EC31F40621800B07AB5 /* Debug */,
				40D89EC41F40621800B07AB5 /* Release */,
			);
			defaultConfigurationIsVisible = 0;
			defaultConfigurationName = Release;
		};
		40D89EC51F40621800B07AB5 /* Build configuration list for PBXNativeTarget "FireProtection" */ = {
			isa = XCConfigurationList;
			buildConfigurations = (
				40D89EC61F40621800B07AB5 /* Debug */,
				40D89EC71F40621800B07AB5 /* Release */,
			);
			defaultConfigurationIsVisible = 0;
			defaultConfigurationName = Release;
		};
/* End XCConfigurationList section */

/* Begin XCVersionGroup section */
		40A9A3691F74063100B3876C /* FireProtection.xcdatamodeld */ = {
			isa = XCVersionGroup;
			children = (
				40A9A36A1F74063100B3876C /* FireProtection.xcdatamodel */,
			);
			currentVersion = 40A9A36A1F74063100B3876C /* FireProtection.xcdatamodel */;
			path = FireProtection.xcdatamodeld;
			sourceTree = "<group>";
			versionGroupType = wrapper.xcdatamodel;
		};
/* End XCVersionGroup section */
	};
	rootObject = 40D89EA31F40621800B07AB5 /* Project object */;
}
